// !$*UTF8*$!
{
	archiveVersion = 1;
	classes = {
	};
	objectVersion = 56;
	objects = {

/* Begin PBXBuildFile section */
		73CA8DE42C6DC1380058A926 /* AppDelegate.swift in Sources */ = {isa = PBXBuildFile; fileRef = 73CA8DE32C6DC1380058A926 /* AppDelegate.swift */; };
		73CA8DE62C6DC1380058A926 /* SceneDelegate.swift in Sources */ = {isa = PBXBuildFile; fileRef = 73CA8DE52C6DC1380058A926 /* SceneDelegate.swift */; };
		73CA8DE82C6DC1380058A926 /* ViewController.swift in Sources */ = {isa = PBXBuildFile; fileRef = 73CA8DE72C6DC1380058A926 /* ViewController.swift */; };
		73CA8DEB2C6DC1380058A926 /* Base in Resources */ = {isa = PBXBuildFile; fileRef = 73CA8DEA2C6DC1380058A926 /* Base */; };
		73CA8DED2C6DC1380058A926 /* Assets.xcassets in Resources */ = {isa = PBXBuildFile; fileRef = 73CA8DEC2C6DC1380058A926 /* Assets.xcassets */; };
		73CA8DF02C6DC1380058A926 /* Base in Resources */ = {isa = PBXBuildFile; fileRef = 73CA8DEF2C6DC1380058A926 /* Base */; };
		73CA8DFB2C6DC1390058A926 /* NotificationcenterTests.swift in Sources */ = {isa = PBXBuildFile; fileRef = 73CA8DFA2C6DC1390058A926 /* NotificationcenterTests.swift */; };
		73CA8E052C6DC1390058A926 /* NotificationcenterUITests.swift in Sources */ = {isa = PBXBuildFile; fileRef = 73CA8E042C6DC1390058A926 /* NotificationcenterUITests.swift */; };
		73CA8E072C6DC1390058A926 /* NotificationcenterUITestsLaunchTests.swift in Sources */ = {isa = PBXBuildFile; fileRef = 73CA8E062C6DC1390058A926 /* NotificationcenterUITestsLaunchTests.swift */; };
		73CA8E142C6DC6CF0058A926 /* SettingsViewController.swift in Sources */ = {isa = PBXBuildFile; fileRef = 73CA8E132C6DC6CF0058A926 /* SettingsViewController.swift */; };
		73CA8E162C6DD1F20058A926 /* SecondViewController.swift in Sources */ = {isa = PBXBuildFile; fileRef = 73CA8E152C6DD1F20058A926 /* SecondViewController.swift */; };
		73CA8E182C6DD2030058A926 /* ThirdViewController.swift in Sources */ = {isa = PBXBuildFile; fileRef = 73CA8E172C6DD2030058A926 /* ThirdViewController.swift */; };
/* End PBXBuildFile section */

/* Begin PBXContainerItemProxy section */
		73CA8DF72C6DC1390058A926 /* PBXContainerItemProxy */ = {
			isa = PBXContainerItemProxy;
			containerPortal = 73CA8DD82C6DC1380058A926 /* Project object */;
			proxyType = 1;
			remoteGlobalIDString = 73CA8DDF2C6DC1380058A926;
			remoteInfo = Notificationcenter;
		};
		73CA8E012C6DC1390058A926 /* PBXContainerItemProxy */ = {
			isa = PBXContainerItemProxy;
			containerPortal = 73CA8DD82C6DC1380058A926 /* Project object */;
			proxyType = 1;
			remoteGlobalIDString = 73CA8DDF2C6DC1380058A926;
			remoteInfo = Notificationcenter;
		};
/* End PBXContainerItemProxy section */

/* Begin PBXFileReference section */
		73CA8DE02C6DC1380058A926 /* Notificationcenter.app */ = {isa = PBXFileReference; explicitFileType = wrapper.application; includeInIndex = 0; path = Notificationcenter.app; sourceTree = BUILT_PRODUCTS_DIR; };
		73CA8DE32C6DC1380058A926 /* AppDelegate.swift */ = {isa = PBXFileReference; lastKnownFileType = sourcecode.swift; path = AppDelegate.swift; sourceTree = "<group>"; };
		73CA8DE52C6DC1380058A926 /* SceneDelegate.swift */ = {isa = PBXFileReference; lastKnownFileType = sourcecode.swift; path = SceneDelegate.swift; sourceTree = "<group>"; };
		73CA8DE72C6DC1380058A926 /* ViewController.swift */ = {isa = PBXFileReference; lastKnownFileType = sourcecode.swift; path = ViewController.swift; sourceTree = "<group>"; };
		73CA8DEA2C6DC1380058A926 /* Base */ = {isa = PBXFileReference; lastKnownFileType = file.storyboard; name = Base; path = Base.lproj/Main.storyboard; sourceTree = "<group>"; };
		73CA8DEC2C6DC1380058A926 /* Assets.xcassets */ = {isa = PBXFileReference; lastKnownFileType = folder.assetcatalog; path = Assets.xcassets; sourceTree = "<group>"; };
		73CA8DEF2C6DC1380058A926 /* Base */ = {isa = PBXFileReference; lastKnownFileType = file.storyboard; name = Base; path = Base.lproj/LaunchScreen.storyboard; sourceTree = "<group>"; };
		73CA8DF12C6DC1380058A926 /* Info.plist */ = {isa = PBXFileReference; lastKnownFileType = text.plist.xml; path = Info.plist; sourceTree = "<group>"; };
		73CA8DF62C6DC1390058A926 /* NotificationcenterTests.xctest */ = {isa = PBXFileReference; explicitFileType = wrapper.cfbundle; includeInIndex = 0; path = NotificationcenterTests.xctest; sourceTree = BUILT_PRODUCTS_DIR; };
		73CA8DFA2C6DC1390058A926 /* NotificationcenterTests.swift */ = {isa = PBXFileReference; lastKnownFileType = sourcecode.swift; path = NotificationcenterTests.swift; sourceTree = "<group>"; };
		73CA8E002C6DC1390058A926 /* NotificationcenterUITests.xctest */ = {isa = PBXFileReference; explicitFileType = wrapper.cfbundle; includeInIndex = 0; path = NotificationcenterUITests.xctest; sourceTree = BUILT_PRODUCTS_DIR; };
		73CA8E042C6DC1390058A926 /* NotificationcenterUITests.swift */ = {isa = PBXFileReference; lastKnownFileType = sourcecode.swift; path = NotificationcenterUITests.swift; sourceTree = "<group>"; };
		73CA8E062C6DC1390058A926 /* NotificationcenterUITestsLaunchTests.swift */ = {isa = PBXFileReference; lastKnownFileType = sourcecode.swift; path = NotificationcenterUITestsLaunchTests.swift; sourceTree = "<group>"; };
		73CA8E132C6DC6CF0058A926 /* SettingsViewController.swift */ = {isa = PBXFileReference; lastKnownFileType = sourcecode.swift; path = SettingsViewController.swift; sourceTree = "<group>"; };
		73CA8E152C6DD1F20058A926 /* SecondViewController.swift */ = {isa = PBXFileReference; lastKnownFileType = sourcecode.swift; path = SecondViewController.swift; sourceTree = "<group>"; };
		73CA8E172C6DD2030058A926 /* ThirdViewController.swift */ = {isa = PBXFileReference; lastKnownFileType = sourcecode.swift; path = ThirdViewController.swift; sourceTree = "<group>"; };
/* End PBXFileReference section */

/* Begin PBXFrameworksBuildPhase section */
		73CA8DDD2C6DC1380058A926 /* Frameworks */ = {
			isa = PBXFrameworksBuildPhase;
			buildActionMask = 2147483647;
			files = (
			);
			runOnlyForDeploymentPostprocessing = 0;
		};
		73CA8DF32C6DC1390058A926 /* Frameworks */ = {
			isa = PBXFrameworksBuildPhase;
			buildActionMask = 2147483647;
			files = (
			);
			runOnlyForDeploymentPostprocessing = 0;
		};
		73CA8DFD2C6DC1390058A926 /* Frameworks */ = {
			isa = PBXFrameworksBuildPhase;
			buildActionMask = 2147483647;
			files = (
			);
			runOnlyForDeploymentPostprocessing = 0;
		};
/* End PBXFrameworksBuildPhase section */

/* Begin PBXGroup section */
		73CA8DD72C6DC1380058A926 = {
			isa = PBXGroup;
			children = (
				73CA8DE22C6DC1380058A926 /* Notificationcenter */,
				73CA8DF92C6DC1390058A926 /* NotificationcenterTests */,
				73CA8E032C6DC1390058A926 /* NotificationcenterUITests */,
				73CA8DE12C6DC1380058A926 /* Products */,
			);
			sourceTree = "<group>";
		};
		73CA8DE12C6DC1380058A926 /* Products */ = {
			isa = PBXGroup;
			children = (
				73CA8DE02C6DC1380058A926 /* Notificationcenter.app */,
				73CA8DF62C6DC1390058A926 /* NotificationcenterTests.xctest */,
				73CA8E002C6DC1390058A926 /* NotificationcenterUITests.xctest */,
			);
			name = Products;
			sourceTree = "<group>";
		};
		73CA8DE22C6DC1380058A926 /* Notificationcenter */ = {
			isa = PBXGroup;
			children = (
				73CA8DE32C6DC1380058A926 /* AppDelegate.swift */,
				73CA8DE52C6DC1380058A926 /* SceneDelegate.swift */,
				73CA8DE72C6DC1380058A926 /* ViewController.swift */,
				73CA8E152C6DD1F20058A926 /* SecondViewController.swift */,
				73CA8E172C6DD2030058A926 /* ThirdViewController.swift */,
				73CA8E132C6DC6CF0058A926 /* SettingsViewController.swift */,
				73CA8DE92C6DC1380058A926 /* Main.storyboard */,
				73CA8DEC2C6DC1380058A926 /* Assets.xcassets */,
				73CA8DEE2C6DC1380058A926 /* LaunchScreen.storyboard */,
				73CA8DF12C6DC1380058A926 /* Info.plist */,
			);
			path = Notificationcenter;
			sourceTree = "<group>";
		};
		73CA8DF92C6DC1390058A926 /* NotificationcenterTests */ = {
			isa = PBXGroup;
			children = (
				73CA8DFA2C6DC1390058A926 /* NotificationcenterTests.swift */,
			);
			path = NotificationcenterTests;
			sourceTree = "<group>";
		};
		73CA8E032C6DC1390058A926 /* NotificationcenterUITests */ = {
			isa = PBXGroup;
			children = (
				73CA8E042C6DC1390058A926 /* NotificationcenterUITests.swift */,
				73CA8E062C6DC1390058A926 /* NotificationcenterUITestsLaunchTests.swift */,
			);
			path = NotificationcenterUITests;
			sourceTree = "<group>";
		};
/* End PBXGroup section */

/* Begin PBXNativeTarget section */
		73CA8DDF2C6DC1380058A926 /* Notificationcenter */ = {
			isa = PBXNativeTarget;
			buildConfigurationList = 73CA8E0A2C6DC1390058A926 /* Build configuration list for PBXNativeTarget "Notificationcenter" */;
			buildPhases = (
				73CA8DDC2C6DC1380058A926 /* Sources */,
				73CA8DDD2C6DC1380058A926 /* Frameworks */,
				73CA8DDE2C6DC1380058A926 /* Resources */,
			);
			buildRules = (
			);
			dependencies = (
			);
			name = Notificationcenter;
			productName = Notificationcenter;
			productReference = 73CA8DE02C6DC1380058A926 /* Notificationcenter.app */;
			productType = "com.apple.product-type.application";
		};
		73CA8DF52C6DC1390058A926 /* NotificationcenterTests */ = {
			isa = PBXNativeTarget;
			buildConfigurationList = 73CA8E0D2C6DC1390058A926 /* Build configuration list for PBXNativeTarget "NotificationcenterTests" */;
			buildPhases = (
				73CA8DF22C6DC1390058A926 /* Sources */,
				73CA8DF32C6DC1390058A926 /* Frameworks */,
				73CA8DF42C6DC1390058A926 /* Resources */,
			);
			buildRules = (
			);
			dependencies = (
				73CA8DF82C6DC1390058A926 /* PBXTargetDependency */,
			);
			name = NotificationcenterTests;
			productName = NotificationcenterTests;
			productReference = 73CA8DF62C6DC1390058A926 /* NotificationcenterTests.xctest */;
			productType = "com.apple.product-type.bundle.unit-test";
		};
		73CA8DFF2C6DC1390058A926 /* NotificationcenterUITests */ = {
			isa = PBXNativeTarget;
			buildConfigurationList = 73CA8E102C6DC1390058A926 /* Build configuration list for PBXNativeTarget "NotificationcenterUITests" */;
			buildPhases = (
				73CA8DFC2C6DC1390058A926 /* Sources */,
				73CA8DFD2C6DC1390058A926 /* Frameworks */,
				73CA8DFE2C6DC1390058A926 /* Resources */,
			);
			buildRules = (
			);
			dependencies = (
				73CA8E022C6DC1390058A926 /* PBXTargetDependency */,
			);
			name = NotificationcenterUITests;
			productName = NotificationcenterUITests;
			productReference = 73CA8E002C6DC1390058A926 /* NotificationcenterUITests.xctest */;
			productType = "com.apple.product-type.bundle.ui-testing";
		};
/* End PBXNativeTarget section */

/* Begin PBXProject section */
		73CA8DD82C6DC1380058A926 /* Project object */ = {
			isa = PBXProject;
			attributes = {
				BuildIndependentTargetsInParallel = 1;
				LastSwiftUpdateCheck = 1540;
				LastUpgradeCheck = 1540;
				TargetAttributes = {
					73CA8DDF2C6DC1380058A926 = {
						CreatedOnToolsVersion = 15.4;
					};
					73CA8DF52C6DC1390058A926 = {
						CreatedOnToolsVersion = 15.4;
						TestTargetID = 73CA8DDF2C6DC1380058A926;
					};
					73CA8DFF2C6DC1390058A926 = {
						CreatedOnToolsVersion = 15.4;
						TestTargetID = 73CA8DDF2C6DC1380058A926;
					};
				};
			};
			buildConfigurationList = 73CA8DDB2C6DC1380058A926 /* Build configuration list for PBXProject "Notificationcenter" */;
			compatibilityVersion = "Xcode 14.0";
			developmentRegion = en;
			hasScannedForEncodings = 0;
			knownRegions = (
				en,
				Base,
			);
			mainGroup = 73CA8DD72C6DC1380058A926;
			productRefGroup = 73CA8DE12C6DC1380058A926 /* Products */;
			projectDirPath = "";
			projectRoot = "";
			targets = (
				73CA8DDF2C6DC1380058A926 /* Notificationcenter */,
				73CA8DF52C6DC1390058A926 /* NotificationcenterTests */,
				73CA8DFF2C6DC1390058A926 /* NotificationcenterUITests */,
			);
		};
/* End PBXProject section */

/* Begin PBXResourcesBuildPhase section */
		73CA8DDE2C6DC1380058A926 /* Resources */ = {
			isa = PBXResourcesBuildPhase;
			buildActionMask = 2147483647;
			files = (
				73CA8DED2C6DC1380058A926 /* Assets.xcassets in Resources */,
				73CA8DF02C6DC1380058A926 /* Base in Resources */,
				73CA8DEB2C6DC1380058A926 /* Base in Resources */,
			);
			runOnlyForDeploymentPostprocessing = 0;
		};
		73CA8DF42C6DC1390058A926 /* Resources */ = {
			isa = PBXResourcesBuildPhase;
			buildActionMask = 2147483647;
			files = (
			);
			runOnlyForDeploymentPostprocessing = 0;
		};
		73CA8DFE2C6DC1390058A926 /* Resources */ = {
			isa = PBXResourcesBuildPhase;
			buildActionMask = 2147483647;
			files = (
			);
			runOnlyForDeploymentPostprocessing = 0;
		};
/* End PBXResourcesBuildPhase section */

/* Begin PBXSourcesBuildPhase section */
		73CA8DDC2C6DC1380058A926 /* Sources */ = {
			isa = PBXSourcesBuildPhase;
			buildActionMask = 2147483647;
			files = (
				73CA8DE82C6DC1380058A926 /* ViewController.swift in Sources */,
				73CA8DE42C6DC1380058A926 /* AppDelegate.swift in Sources */,
				73CA8DE62C6DC1380058A926 /* SceneDelegate.swift in Sources */,
				73CA8E162C6DD1F20058A926 /* SecondViewController.swift in Sources */,
				73CA8E182C6DD2030058A926 /* ThirdViewController.swift in Sources */,
				73CA8E142C6DC6CF0058A926 /* SettingsViewController.swift in Sources */,
			);
			runOnlyForDeploymentPostprocessing = 0;
		};
		73CA8DF22C6DC1390058A926 /* Sources */ = {
			isa = PBXSourcesBuildPhase;
			buildActionMask = 2147483647;
			files = (
				73CA8DFB2C6DC1390058A926 /* NotificationcenterTests.swift in Sources */,
			);
			runOnlyForDeploymentPostprocessing = 0;
		};
		73CA8DFC2C6DC1390058A926 /* Sources */ = {
			isa = PBXSourcesBuildPhase;
			buildActionMask = 2147483647;
			files = (
				73CA8E072C6DC1390058A926 /* NotificationcenterUITestsLaunchTests.swift in Sources */,
				73CA8E052C6DC1390058A926 /* NotificationcenterUITests.swift in Sources */,
			);
			runOnlyForDeploymentPostprocessing = 0;
		};
/* End PBXSourcesBuildPhase section */

/* Begin PBXTargetDependency section */
		73CA8DF82C6DC1390058A926 /* PBXTargetDependency */ = {
			isa = PBXTargetDependency;
			target = 73CA8DDF2C6DC1380058A926 /* Notificationcenter */;
			targetProxy = 73CA8DF72C6DC1390058A926 /* PBXContainerItemProxy */;
		};
		73CA8E022C6DC1390058A926 /* PBXTargetDependency */ = {
			isa = PBXTargetDependency;
			target = 73CA8DDF2C6DC1380058A926 /* Notificationcenter */;
			targetProxy = 73CA8E012C6DC1390058A926 /* PBXContainerItemProxy */;
		};
/* End PBXTargetDependency section */

/* Begin PBXVariantGroup section */
		73CA8DE92C6DC1380058A926 /* Main.storyboard */ = {
			isa = PBXVariantGroup;
			children = (
				73CA8DEA2C6DC1380058A926 /* Base */,
			);
			name = Main.storyboard;
			sourceTree = "<group>";
		};
		73CA8DEE2C6DC1380058A926 /* LaunchScreen.storyboard */ = {
			isa = PBXVariantGroup;
			children = (
				73CA8DEF2C6DC1380058A926 /* Base */,
			);
			name = LaunchScreen.storyboard;
			sourceTree = "<group>";
		};
/* End PBXVariantGroup section */

/* Begin XCBuildConfiguration section */
		73CA8E082C6DC1390058A926 /* Debug */ = {
			isa = XCBuildConfiguration;
			buildSettings = {
				ALWAYS_SEARCH_USER_PATHS = NO;
				ASSETCATALOG_COMPILER_GENERATE_SWIFT_ASSET_SYMBOL_EXTENSIONS = YES;
				CLANG_ANALYZER_NONNULL = YES;
				CLANG_ANALYZER_NUMBER_OBJECT_CONVERSION = YES_AGGRESSIVE;
				CLANG_CXX_LANGUAGE_STANDARD = "gnu++20";
				CLANG_ENABLE_MODULES = YES;
				CLANG_ENABLE_OBJC_ARC = YES;
				CLANG_ENABLE_OBJC_WEAK = YES;
				CLANG_WARN_BLOCK_CAPTURE_AUTORELEASING = YES;
				CLANG_WARN_BOOL_CONVERSION = YES;
				CLANG_WARN_COMMA = YES;
				CLANG_WARN_CONSTANT_CONVERSION = YES;
				CLANG_WARN_DEPRECATED_OBJC_IMPLEMENTATIONS = YES;
				CLANG_WARN_DIRECT_OBJC_ISA_USAGE = YES_ERROR;
				CLANG_WARN_DOCUMENTATION_COMMENTS = YES;
				CLANG_WARN_EMPTY_BODY = YES;
				CLANG_WARN_ENUM_CONVERSION = YES;
				CLANG_WARN_INFINITE_RECURSION = YES;
				CLANG_WARN_INT_CONVERSION = YES;
				CLANG_WARN_NON_LITERAL_NULL_CONVERSION = YES;
				CLANG_WARN_OBJC_IMPLICIT_RETAIN_SELF = YES;
				CLANG_WARN_OBJC_LITERAL_CONVERSION = YES;
				CLANG_WARN_OBJC_ROOT_CLASS = YES_ERROR;
				CLANG_WARN_QUOTED_INCLUDE_IN_FRAMEWORK_HEADER = YES;
				CLANG_WARN_RANGE_LOOP_ANALYSIS = YES;
				CLANG_WARN_STRICT_PROTOTYPES = YES;
				CLANG_WARN_SUSPICIOUS_MOVE = YES;
				CLANG_WARN_UNGUARDED_AVAILABILITY = YES_AGGRESSIVE;
				CLANG_WARN_UNREACHABLE_CODE = YES;
				CLANG_WARN__DUPLICATE_METHOD_MATCH = YES;
				COPY_PHASE_STRIP = NO;
				DEBUG_INFORMATION_FORMAT = dwarf;
				ENABLE_STRICT_OBJC_MSGSEND = YES;
				ENABLE_TESTABILITY = YES;
				ENABLE_USER_SCRIPT_SANDBOXING = YES;
				GCC_C_LANGUAGE_STANDARD = gnu17;
				GCC_DYNAMIC_NO_PIC = NO;
				GCC_NO_COMMON_BLOCKS = YES;
				GCC_OPTIMIZATION_LEVEL = 0;
				GCC_PREPROCESSOR_DEFINITIONS = (
					"DEBUG=1",
					"$(inherited)",
				);
				GCC_WARN_64_TO_32_BIT_CONVERSION = YES;
				GCC_WARN_ABOUT_RETURN_TYPE = YES_ERROR;
				GCC_WARN_UNDECLARED_SELECTOR = YES;
				GCC_WARN_UNINITIALIZED_AUTOS = YES_AGGRESSIVE;
				GCC_WARN_UNUSED_FUNCTION = YES;
				GCC_WARN_UNUSED_VARIABLE = YES;
				IPHONEOS_DEPLOYMENT_TARGET = 17.5;
				LOCALIZATION_PREFERS_STRING_CATALOGS = YES;
				MTL_ENABLE_DEBUG_INFO = INCLUDE_SOURCE;
				MTL_FAST_MATH = YES;
				ONLY_ACTIVE_ARCH = YES;
				SDKROOT = iphoneos;
				SWIFT_ACTIVE_COMPILATION_CONDITIONS = "DEBUG $(inherited)";
				SWIFT_OPTIMIZATION_LEVEL = "-Onone";
			};
			name = Debug;
		};
		73CA8E092C6DC1390058A926 /* Release */ = {
			isa = XCBuildConfiguration;
			buildSettings = {
				ALWAYS_SEARCH_USER_PATHS = NO;
				ASSETCATALOG_COMPILER_GENERATE_SWIFT_ASSET_SYMBOL_EXTENSIONS = YES;
				CLANG_ANALYZER_NONNULL = YES;
				CLANG_ANALYZER_NUMBER_OBJECT_CONVERSION = YES_AGGRESSIVE;
				CLANG_CXX_LANGUAGE_STANDARD = "gnu++20";
				CLANG_ENABLE_MODULES = YES;
				CLANG_ENABLE_OBJC_ARC = YES;
				CLANG_ENABLE_OBJC_WEAK = YES;
				CLANG_WARN_BLOCK_CAPTURE_AUTORELEASING = YES;
				CLANG_WARN_BOOL_CONVERSION = YES;
				CLANG_WARN_COMMA = YES;
				CLANG_WARN_CONSTANT_CONVERSION = YES;
				CLANG_WARN_DEPRECATED_OBJC_IMPLEMENTATIONS = YES;
				CLANG_WARN_DIRECT_OBJC_ISA_USAGE = YES_ERROR;
				CLANG_WARN_DOCUMENTATION_COMMENTS = YES;
				CLANG_WARN_EMPTY_BODY = YES;
				CLANG_WARN_ENUM_CONVERSION = YES;
				CLANG_WARN_INFINITE_RECURSION = YES;
				CLANG_WARN_INT_CONVERSION = YES;
				CLANG_WARN_NON_LITERAL_NULL_CONVERSION = YES;
				CLANG_WARN_OBJC_IMPLICIT_RETAIN_SELF = YES;
				CLANG_WARN_OBJC_LITERAL_CONVERSION = YES;
				CLANG_WARN_OBJC_ROOT_CLASS = YES_ERROR;
				CLANG_WARN_QUOTED_INCLUDE_IN_FRAMEWORK_HEADER = YES;
				CLANG_WARN_RANGE_LOOP_ANALYSIS = YES;
				CLANG_WARN_STRICT_PROTOTYPES = YES;
				CLANG_WARN_SUSPICIOUS_MOVE = YES;
				CLANG_WARN_UNGUARDED_AVAILABILITY = YES_AGGRESSIVE;
				CLANG_WARN_UNREACHABLE_CODE = YES;
				CLANG_WARN__DUPLICATE_METHOD_MATCH = YES;
				COPY_PHASE_STRIP = NO;
				DEBUG_INFORMATION_FORMAT = "dwarf-with-dsym";
				ENABLE_NS_ASSERTIONS = NO;
				ENABLE_STRICT_OBJC_MSGSEND = YES;
				ENABLE_USER_SCRIPT_SANDBOXING = YES;
				GCC_C_LANGUAGE_STANDARD = gnu17;
				GCC_NO_COMMON_BLOCKS = YES;
				GCC_WARN_64_TO_32_BIT_CONVERSION = YES;
				GCC_WARN_ABOUT_RETURN_TYPE = YES_ERROR;
				GCC_WARN_UNDECLARED_SELECTOR = YES;
				GCC_WARN_UNINITIALIZED_AUTOS = YES_AGGRESSIVE;
				GCC_WARN_UNUSED_FUNCTION = YES;
				GCC_WARN_UNUSED_VARIABLE = YES;
				IPHONEOS_DEPLOYMENT_TARGET = 17.5;
				LOCALIZATION_PREFERS_STRING_CATALOGS = YES;
				MTL_ENABLE_DEBUG_INFO = NO;
				MTL_FAST_MATH = YES;
				SDKROOT = iphoneos;
				SWIFT_COMPILATION_MODE = wholemodule;
				VALIDATE_PRODUCT = YES;
			};
			name = Release;
		};
		73CA8E0B2C6DC1390058A926 /* Debug */ = {
			isa = XCBuildConfiguration;
			buildSettings = {
				ASSETCATALOG_COMPILER_APPICON_NAME = AppIcon;
				ASSETCATALOG_COMPILER_GLOBAL_ACCENT_COLOR_NAME = AccentColor;
				CODE_SIGN_STYLE = Automatic;
				CURRENT_PROJECT_VERSION = 1;
				GENERATE_INFOPLIST_FILE = YES;
				INFOPLIST_FILE = Notificationcenter/Info.plist;
				INFOPLIST_KEY_UIApplicationSupportsIndirectInputEvents = YES;
				INFOPLIST_KEY_UILaunchStoryboardName = LaunchScreen;
				INFOPLIST_KEY_UIMainStoryboardFile = Main;
				INFOPLIST_KEY_UISupportedInterfaceOrientations_iPad = "UIInterfaceOrientationPortrait UIInterfaceOrientationPortraitUpsideDown UIInterfaceOrientationLandscapeLeft UIInterfaceOrientationLandscapeRight";
				INFOPLIST_KEY_UISupportedInterfaceOrientations_iPhone = "UIInterfaceOrientationPortrait UIInterfaceOrientationLandscapeLeft UIInterfaceOrientationLandscapeRight";
				LD_RUNPATH_SEARCH_PATHS = (
					"$(inherited)",
					"@executable_path/Frameworks",
				);
				MARKETING_VERSION = 1.0;
				PRODUCT_BUNDLE_IDENTIFIER = ramesh.Notificationcenter;
				PRODUCT_NAME = "$(TARGET_NAME)";
				SWIFT_EMIT_LOC_STRINGS = YES;
				SWIFT_VERSION = 5.0;
				TARGETED_DEVICE_FAMILY = "1,2";
			};
			name = Debug;
		};
		73CA8E0C2C6DC1390058A926 /* Release */ = {
			isa = XCBuildConfiguration;
			buildSettings = {
				ASSETCATALOG_COMPILER_APPICON_NAME = AppIcon;
				ASSETCATALOG_COMPILER_GLOBAL_ACCENT_COLOR_NAME = AccentColor;
				CODE_SIGN_STYLE = Automatic;
				CURRENT_PROJECT_VERSION = 1;
				GENERATE_INFOPLIST_FILE = YES;
				INFOPLIST_FILE = Notificationcenter/Info.plist;
				INFOPLIST_KEY_UIApplicationSupportsIndirectInputEvents = YES;
				INFOPLIST_KEY_UILaunchStoryboardName = LaunchScreen;
				INFOPLIST_KEY_UIMainStoryboardFile = Main;
				INFOPLIST_KEY_UISupportedInterfaceOrientations_iPad = "UIInterfaceOrientationPortrait UIInterfaceOrientationPortraitUpsideDown UIInterfaceOrientationLandscapeLeft UIInterfaceOrientationLandscapeRight";
				INFOPLIST_KEY_UISupportedInterfaceOrientations_iPhone = "UIInterfaceOrientationPortrait UIInterfaceOrientationLandscapeLeft UIInterfaceOrientationLandscapeRight";
				LD_RUNPATH_SEARCH_PATHS = (
					"$(inherited)",
					"@executable_path/Frameworks",
				);
				MARKETING_VERSION = 1.0;
				PRODUCT_BUNDLE_IDENTIFIER = ramesh.Notificationcenter;
				PRODUCT_NAME = "$(TARGET_NAME)";
				SWIFT_EMIT_LOC_STRINGS = YES;
				SWIFT_VERSION = 5.0;
				TARGETED_DEVICE_FAMILY = "1,2";
			};
			name = Release;
		};
		73CA8E0E2C6DC1390058A926 /* Debug */ = {
			isa = XCBuildConfiguration;
			buildSettings = {
				ALWAYS_EMBED_SWIFT_STANDARD_LIBRARIES = YES;
				BUNDLE_LOADER = "$(TEST_HOST)";
				CODE_SIGN_STYLE = Automatic;
				CURRENT_PROJECT_VERSION = 1;
				GENERATE_INFOPLIST_FILE = YES;
				IPHONEOS_DEPLOYMENT_TARGET = 17.5;
				MARKETING_VERSION = 1.0;
				PRODUCT_BUNDLE_IDENTIFIER = ramesh.NotificationcenterTests;
				PRODUCT_NAME = "$(TARGET_NAME)";
				SWIFT_EMIT_LOC_STRINGS = NO;
				SWIFT_VERSION = 5.0;
				TARGETED_DEVICE_FAMILY = "1,2";
				TEST_HOST = "$(BUILT_PRODUCTS_DIR)/Notificationcenter.app/$(BUNDLE_EXECUTABLE_FOLDER_PATH)/Notificationcenter";
			};
			name = Debug;
		};
		73CA8E0F2C6DC1390058A926 /* Release */ = {
			isa = XCBuildConfiguration;
			buildSettings = {
				ALWAYS_EMBED_SWIFT_STANDARD_LIBRARIES = YES;
				BUNDLE_LOADER = "$(TEST_HOST)";
				CODE_SIGN_STYLE = Automatic;
				CURRENT_PROJECT_VERSION = 1;
				GENERATE_INFOPLIST_FILE = YES;
				IPHONEOS_DEPLOYMENT_TARGET = 17.5;
				MARKETING_VERSION = 1.0;
				PRODUCT_BUNDLE_IDENTIFIER = ramesh.NotificationcenterTests;
				PRODUCT_NAME = "$(TARGET_NAME)";
				SWIFT_EMIT_LOC_STRINGS = NO;
				SWIFT_VERSION = 5.0;
				TARGETED_DEVICE_FAMILY = "1,2";
				TEST_HOST = "$(BUILT_PRODUCTS_DIR)/Notificationcenter.app/$(BUNDLE_EXECUTABLE_FOLDER_PATH)/Notificationcenter";
			};
			name = Release;
		};
		73CA8E112C6DC1390058A926 /* Debug */ = {
			isa = XCBuildConfiguration;
			buildSettings = {
				ALWAYS_EMBED_SWIFT_STANDARD_LIBRARIES = YES;
				CODE_SIGN_STYLE = Automatic;
				CURRENT_PROJECT_VERSION = 1;
				GENERATE_INFOPLIST_FILE = YES;
				MARKETING_VERSION = 1.0;
				PRODUCT_BUNDLE_IDENTIFIER = ramesh.NotificationcenterUITests;
				PRODUCT_NAME = "$(TARGET_NAME)";
				SWIFT_EMIT_LOC_STRINGS = NO;
				SWIFT_VERSION = 5.0;
				TARGETED_DEVICE_FAMILY = "1,2";
				TEST_TARGET_NAME = Notificationcenter;
			};
			name = Debug;
		};
		73CA8E122C6DC1390058A926 /* Release */ = {
			isa = XCBuildConfiguration;
			buildSettings = {
				ALWAYS_EMBED_SWIFT_STANDARD_LIBRARIES = YES;
				CODE_SIGN_STYLE = Automatic;
				CURRENT_PROJECT_VERSION = 1;
				GENERATE_INFOPLIST_FILE = YES;
				MARKETING_VERSION = 1.0;
				PRODUCT_BUNDLE_IDENTIFIER = ramesh.NotificationcenterUITests;
				PRODUCT_NAME = "$(TARGET_NAME)";
				SWIFT_EMIT_LOC_STRINGS = NO;
				SWIFT_VERSION = 5.0;
				TARGETED_DEVICE_FAMILY = "1,2";
				TEST_TARGET_NAME = Notificationcenter;
			};
			name = Release;
		};
/* End XCBuildConfiguration section */

/* Begin XCConfigurationList section */
		73CA8DDB2C6DC1380058A926 /* Build configuration list for PBXProject "Notificationcenter" */ = {
			isa = XCConfigurationList;
			buildConfigurations = (
				73CA8E082C6DC1390058A926 /* Debug */,
				73CA8E092C6DC1390058A926 /* Release */,
			);
			defaultConfigurationIsVisible = 0;
			defaultConfigurationName = Release;
		};
		73CA8E0A2C6DC1390058A926 /* Build configuration list for PBXNativeTarget "Notificationcenter" */ = {
			isa = XCConfigurationList;
			buildConfigurations = (
				73CA8E0B2C6DC1390058A926 /* Debug */,
				73CA8E0C2C6DC1390058A926 /* Release */,
			);
			defaultConfigurationIsVisible = 0;
			defaultConfigurationName = Release;
		};
		73CA8E0D2C6DC1390058A926 /* Build configuration list for PBXNativeTarget "NotificationcenterTests" */ = {
			isa = XCConfigurationList;
			buildConfigurations = (
				73CA8E0E2C6DC1390058A926 /* Debug */,
				73CA8E0F2C6DC1390058A926 /* Release */,
			);
			defaultConfigurationIsVisible = 0;
			defaultConfigurationName = Release;
		};
		73CA8E102C6DC1390058A926 /* Build configuration list for PBXNativeTarget "NotificationcenterUITests" */ = {
			isa = XCConfigurationList;
			buildConfigurations = (
				73CA8E112C6DC1390058A926 /* Debug */,
				73CA8E122C6DC1390058A926 /* Release */,
			);
			defaultConfigurationIsVisible = 0;
			defaultConfigurationName = Release;
		};
/* End XCConfigurationList section */
	};
	rootObject = 73CA8DD82C6DC1380058A926 /* Project object */;
}
