// !$*UTF8*$!
{
	archiveVersion = 1;
	classes = {
	};
	objectVersion = 56;
	objects = {

/* Begin PBXBuildFile section */
		7324272A2C6F2F5B0084AB4D /* AppDelegate.swift in Sources */ = {isa = PBXBuildFile; fileRef = 732427292C6F2F5B0084AB4D /* AppDelegate.swift */; };
		7324272C2C6F2F5B0084AB4D /* SceneDelegate.swift in Sources */ = {isa = PBXBuildFile; fileRef = 7324272B2C6F2F5B0084AB4D /* SceneDelegate.swift */; };
		7324272E2C6F2F5B0084AB4D /* ViewController.swift in Sources */ = {isa = PBXBuildFile; fileRef = 7324272D2C6F2F5B0084AB4D /* ViewController.swift */; };
		732427312C6F2F5B0084AB4D /* Base in Resources */ = {isa = PBXBuildFile; fileRef = 732427302C6F2F5B0084AB4D /* Base */; };
		732427332C6F2F5C0084AB4D /* Assets.xcassets in Resources */ = {isa = PBXBuildFile; fileRef = 732427322C6F2F5C0084AB4D /* Assets.xcassets */; };
		732427362C6F2F5C0084AB4D /* Base in Resources */ = {isa = PBXBuildFile; fileRef = 732427352C6F2F5C0084AB4D /* Base */; };
		732427412C6F2F5C0084AB4D /* APiIntegartionTests.swift in Sources */ = {isa = PBXBuildFile; fileRef = 732427402C6F2F5C0084AB4D /* APiIntegartionTests.swift */; };
		7324274B2C6F2F5C0084AB4D /* APiIntegartionUITests.swift in Sources */ = {isa = PBXBuildFile; fileRef = 7324274A2C6F2F5C0084AB4D /* APiIntegartionUITests.swift */; };
		7324274D2C6F2F5C0084AB4D /* APiIntegartionUITestsLaunchTests.swift in Sources */ = {isa = PBXBuildFile; fileRef = 7324274C2C6F2F5C0084AB4D /* APiIntegartionUITestsLaunchTests.swift */; };
		7324275A2C6F580D0084AB4D /* Movie.swift in Sources */ = {isa = PBXBuildFile; fileRef = 732427592C6F580D0084AB4D /* Movie.swift */; };
		7324275C2C6F584D0084AB4D /* APIManager.swift in Sources */ = {isa = PBXBuildFile; fileRef = 7324275B2C6F584D0084AB4D /* APIManager.swift */; };
		7324275E2C6F58940084AB4D /* MoviesViewController.swift in Sources */ = {isa = PBXBuildFile; fileRef = 7324275D2C6F58940084AB4D /* MoviesViewController.swift */; };
/* End PBXBuildFile section */

/* Begin PBXContainerItemProxy section */
		7324273D2C6F2F5C0084AB4D /* PBXContainerItemProxy */ = {
			isa = PBXContainerItemProxy;
			containerPortal = 7324271E2C6F2F5B0084AB4D /* Project object */;
			proxyType = 1;
			remoteGlobalIDString = 732427252C6F2F5B0084AB4D;
			remoteInfo = APiIntegartion;
		};
		732427472C6F2F5C0084AB4D /* PBXContainerItemProxy */ = {
			isa = PBXContainerItemProxy;
			containerPortal = 7324271E2C6F2F5B0084AB4D /* Project object */;
			proxyType = 1;
			remoteGlobalIDString = 732427252C6F2F5B0084AB4D;
			remoteInfo = APiIntegartion;
		};
/* End PBXContainerItemProxy section */

/* Begin PBXFileReference section */
		732427262C6F2F5B0084AB4D /* APiIntegartion.app */ = {isa = PBXFileReference; explicitFileType = wrapper.application; includeInIndex = 0; path = APiIntegartion.app; sourceTree = BUILT_PRODUCTS_DIR; };
		732427292C6F2F5B0084AB4D /* AppDelegate.swift */ = {isa = PBXFileReference; lastKnownFileType = sourcecode.swift; path = AppDelegate.swift; sourceTree = "<group>"; };
		7324272B2C6F2F5B0084AB4D /* SceneDelegate.swift */ = {isa = PBXFileReference; lastKnownFileType = sourcecode.swift; path = SceneDelegate.swift; sourceTree = "<group>"; };
		7324272D2C6F2F5B0084AB4D /* ViewController.swift */ = {isa = PBXFileReference; lastKnownFileType = sourcecode.swift; path = ViewController.swift; sourceTree = "<group>"; };
		732427302C6F2F5B0084AB4D /* Base */ = {isa = PBXFileReference; lastKnownFileType = file.storyboard; name = Base; path = Base.lproj/Main.storyboard; sourceTree = "<group>"; };
		732427322C6F2F5C0084AB4D /* Assets.xcassets */ = {isa = PBXFileReference; lastKnownFileType = folder.assetcatalog; path = Assets.xcassets; sourceTree = "<group>"; };
		732427352C6F2F5C0084AB4D /* Base */ = {isa = PBXFileReference; lastKnownFileType = file.storyboard; name = Base; path = Base.lproj/LaunchScreen.storyboard; sourceTree = "<group>"; };
		732427372C6F2F5C0084AB4D /* Info.plist */ = {isa = PBXFileReference; lastKnownFileType = text.plist.xml; path = Info.plist; sourceTree = "<group>"; };
		7324273C2C6F2F5C0084AB4D /* APiIntegartionTests.xctest */ = {isa = PBXFileReference; explicitFileType = wrapper.cfbundle; includeInIndex = 0; path = APiIntegartionTests.xctest; sourceTree = BUILT_PRODUCTS_DIR; };
		732427402C6F2F5C0084AB4D /* APiIntegartionTests.swift */ = {isa = PBXFileReference; lastKnownFileType = sourcecode.swift; path = APiIntegartionTests.swift; sourceTree = "<group>"; };
		732427462C6F2F5C0084AB4D /* APiIntegartionUITests.xctest */ = {isa = PBXFileReference; explicitFileType = wrapper.cfbundle; includeInIndex = 0; path = APiIntegartionUITests.xctest; sourceTree = BUILT_PRODUCTS_DIR; };
		7324274A2C6F2F5C0084AB4D /* APiIntegartionUITests.swift */ = {isa = PBXFileReference; lastKnownFileType = sourcecode.swift; path = APiIntegartionUITests.swift; sourceTree = "<group>"; };
		7324274C2C6F2F5C0084AB4D /* APiIntegartionUITestsLaunchTests.swift */ = {isa = PBXFileReference; lastKnownFileType = sourcecode.swift; path = APiIntegartionUITestsLaunchTests.swift; sourceTree = "<group>"; };
		732427592C6F580D0084AB4D /* Movie.swift */ = {isa = PBXFileReference; lastKnownFileType = sourcecode.swift; path = Movie.swift; sourceTree = "<group>"; };
		7324275B2C6F584D0084AB4D /* APIManager.swift */ = {isa = PBXFileReference; lastKnownFileType = sourcecode.swift; path = APIManager.swift; sourceTree = "<group>"; };
		7324275D2C6F58940084AB4D /* MoviesViewController.swift */ = {isa = PBXFileReference; lastKnownFileType = sourcecode.swift; path = MoviesViewController.swift; sourceTree = "<group>"; };
/* End PBXFileReference section */

/* Begin PBXFrameworksBuildPhase section */
		732427232C6F2F5B0084AB4D /* Frameworks */ = {
			isa = PBXFrameworksBuildPhase;
			buildActionMask = 2147483647;
			files = (
			);
			runOnlyForDeploymentPostprocessing = 0;
		};
		732427392C6F2F5C0084AB4D /* Frameworks */ = {
			isa = PBXFrameworksBuildPhase;
			buildActionMask = 2147483647;
			files = (
			);
			runOnlyForDeploymentPostprocessing = 0;
		};
		732427432C6F2F5C0084AB4D /* Frameworks */ = {
			isa = PBXFrameworksBuildPhase;
			buildActionMask = 2147483647;
			files = (
			);
			runOnlyForDeploymentPostprocessing = 0;
		};
/* End PBXFrameworksBuildPhase section */

/* Begin PBXGroup section */
		7324271D2C6F2F5B0084AB4D = {
			isa = PBXGroup;
			children = (
				732427282C6F2F5B0084AB4D /* APiIntegartion */,
				7324273F2C6F2F5C0084AB4D /* APiIntegartionTests */,
				732427492C6F2F5C0084AB4D /* APiIntegartionUITests */,
				732427272C6F2F5B0084AB4D /* Products */,
			);
			sourceTree = "<group>";
		};
		732427272C6F2F5B0084AB4D /* Products */ = {
			isa = PBXGroup;
			children = (
				732427262C6F2F5B0084AB4D /* APiIntegartion.app */,
				7324273C2C6F2F5C0084AB4D /* APiIntegartionTests.xctest */,
				732427462C6F2F5C0084AB4D /* APiIntegartionUITests.xctest */,
			);
			name = Products;
			sourceTree = "<group>";
		};
		732427282C6F2F5B0084AB4D /* APiIntegartion */ = {
			isa = PBXGroup;
			children = (
				732427292C6F2F5B0084AB4D /* AppDelegate.swift */,
				7324272B2C6F2F5B0084AB4D /* SceneDelegate.swift */,
				7324272D2C6F2F5B0084AB4D /* ViewController.swift */,
				7324275D2C6F58940084AB4D /* MoviesViewController.swift */,
				732427592C6F580D0084AB4D /* Movie.swift */,
				7324275B2C6F584D0084AB4D /* APIManager.swift */,
				7324272F2C6F2F5B0084AB4D /* Main.storyboard */,
				732427322C6F2F5C0084AB4D /* Assets.xcassets */,
				732427342C6F2F5C0084AB4D /* LaunchScreen.storyboard */,
				732427372C6F2F5C0084AB4D /* Info.plist */,
			);
			path = APiIntegartion;
			sourceTree = "<group>";
		};
		7324273F2C6F2F5C0084AB4D /* APiIntegartionTests */ = {
			isa = PBXGroup;
			children = (
				732427402C6F2F5C0084AB4D /* APiIntegartionTests.swift */,
			);
			path = APiIntegartionTests;
			sourceTree = "<group>";
		};
		732427492C6F2F5C0084AB4D /* APiIntegartionUITests */ = {
			isa = PBXGroup;
			children = (
				7324274A2C6F2F5C0084AB4D /* APiIntegartionUITests.swift */,
				7324274C2C6F2F5C0084AB4D /* APiIntegartionUITestsLaunchTests.swift */,
			);
			path = APiIntegartionUITests;
			sourceTree = "<group>";
		};
/* End PBXGroup section */

/* Begin PBXNativeTarget section */
		732427252C6F2F5B0084AB4D /* APiIntegartion */ = {
			isa = PBXNativeTarget;
			buildConfigurationList = 732427502C6F2F5C0084AB4D /* Build configuration list for PBXNativeTarget "APiIntegartion" */;
			buildPhases = (
				732427222C6F2F5B0084AB4D /* Sources */,
				732427232C6F2F5B0084AB4D /* Frameworks */,
				732427242C6F2F5B0084AB4D /* Resources */,
			);
			buildRules = (
			);
			dependencies = (
			);
			name = APiIntegartion;
			productName = APiIntegartion;
			productReference = 732427262C6F2F5B0084AB4D /* APiIntegartion.app */;
			productType = "com.apple.product-type.application";
		};
		7324273B2C6F2F5C0084AB4D /* APiIntegartionTests */ = {
			isa = PBXNativeTarget;
			buildConfigurationList = 732427532C6F2F5C0084AB4D /* Build configuration list for PBXNativeTarget "APiIntegartionTests" */;
			buildPhases = (
				732427382C6F2F5C0084AB4D /* Sources */,
				732427392C6F2F5C0084AB4D /* Frameworks */,
				7324273A2C6F2F5C0084AB4D /* Resources */,
			);
			buildRules = (
			);
			dependencies = (
				7324273E2C6F2F5C0084AB4D /* PBXTargetDependency */,
			);
			name = APiIntegartionTests;
			productName = APiIntegartionTests;
			productReference = 7324273C2C6F2F5C0084AB4D /* APiIntegartionTests.xctest */;
			productType = "com.apple.product-type.bundle.unit-test";
		};
		732427452C6F2F5C0084AB4D /* APiIntegartionUITests */ = {
			isa = PBXNativeTarget;
			buildConfigurationList = 732427562C6F2F5C0084AB4D /* Build configuration list for PBXNativeTarget "APiIntegartionUITests" */;
			buildPhases = (
				732427422C6F2F5C0084AB4D /* Sources */,
				732427432C6F2F5C0084AB4D /* Frameworks */,
				732427442C6F2F5C0084AB4D /* Resources */,
			);
			buildRules = (
			);
			dependencies = (
				732427482C6F2F5C0084AB4D /* PBXTargetDependency */,
			);
			name = APiIntegartionUITests;
			productName = APiIntegartionUITests;
			productReference = 732427462C6F2F5C0084AB4D /* APiIntegartionUITests.xctest */;
			productType = "com.apple.product-type.bundle.ui-testing";
		};
/* End PBXNativeTarget section */

/* Begin PBXProject section */
		7324271E2C6F2F5B0084AB4D /* Project object */ = {
			isa = PBXProject;
			attributes = {
				BuildIndependentTargetsInParallel = 1;
				LastSwiftUpdateCheck = 1540;
				LastUpgradeCheck = 1540;
				TargetAttributes = {
					732427252C6F2F5B0084AB4D = {
						CreatedOnToolsVersion = 15.4;
					};
					7324273B2C6F2F5C0084AB4D = {
						CreatedOnToolsVersion = 15.4;
						TestTargetID = 732427252C6F2F5B0084AB4D;
					};
					732427452C6F2F5C0084AB4D = {
						CreatedOnToolsVersion = 15.4;
						TestTargetID = 732427252C6F2F5B0084AB4D;
					};
				};
			};
			buildConfigurationList = 732427212C6F2F5B0084AB4D /* Build configuration list for PBXProject "APiIntegartion" */;
			compatibilityVersion = "Xcode 14.0";
			developmentRegion = en;
			hasScannedForEncodings = 0;
			knownRegions = (
				en,
				Base,
			);
			mainGroup = 7324271D2C6F2F5B0084AB4D;
			productRefGroup = 732427272C6F2F5B0084AB4D /* Products */;
			projectDirPath = "";
			projectRoot = "";
			targets = (
				732427252C6F2F5B0084AB4D /* APiIntegartion */,
				7324273B2C6F2F5C0084AB4D /* APiIntegartionTests */,
				732427452C6F2F5C0084AB4D /* APiIntegartionUITests */,
			);
		};
/* End PBXProject section */

/* Begin PBXResourcesBuildPhase section */
		732427242C6F2F5B0084AB4D /* Resources */ = {
			isa = PBXResourcesBuildPhase;
			buildActionMask = 2147483647;
			files = (
				732427332C6F2F5C0084AB4D /* Assets.xcassets in Resources */,
				732427362C6F2F5C0084AB4D /* Base in Resources */,
				732427312C6F2F5B0084AB4D /* Base in Resources */,
			);
			runOnlyForDeploymentPostprocessing = 0;
		};
		7324273A2C6F2F5C0084AB4D /* Resources */ = {
			isa = PBXResourcesBuildPhase;
			buildActionMask = 2147483647;
			files = (
			);
			runOnlyForDeploymentPostprocessing = 0;
		};
		732427442C6F2F5C0084AB4D /* Resources */ = {
			isa = PBXResourcesBuildPhase;
			buildActionMask = 2147483647;
			files = (
			);
			runOnlyForDeploymentPostprocessing = 0;
		};
/* End PBXResourcesBuildPhase section */

/* Begin PBXSourcesBuildPhase section */
		732427222C6F2F5B0084AB4D /* Sources */ = {
			isa = PBXSourcesBuildPhase;
			buildActionMask = 2147483647;
			files = (
				7324272E2C6F2F5B0084AB4D /* ViewController.swift in Sources */,
				7324272A2C6F2F5B0084AB4D /* AppDelegate.swift in Sources */,
				7324275C2C6F584D0084AB4D /* APIManager.swift in Sources */,
				7324275A2C6F580D0084AB4D /* Movie.swift in Sources */,
				7324272C2C6F2F5B0084AB4D /* SceneDelegate.swift in Sources */,
				7324275E2C6F58940084AB4D /* MoviesViewController.swift in Sources */,
			);
			runOnlyForDeploymentPostprocessing = 0;
		};
		732427382C6F2F5C0084AB4D /* Sources */ = {
			isa = PBXSourcesBuildPhase;
			buildActionMask = 2147483647;
			files = (
				732427412C6F2F5C0084AB4D /* APiIntegartionTests.swift in Sources */,
			);
			runOnlyForDeploymentPostprocessing = 0;
		};
		732427422C6F2F5C0084AB4D /* Sources */ = {
			isa = PBXSourcesBuildPhase;
			buildActionMask = 2147483647;
			files = (
				7324274D2C6F2F5C0084AB4D /* APiIntegartionUITestsLaunchTests.swift in Sources */,
				7324274B2C6F2F5C0084AB4D /* APiIntegartionUITests.swift in Sources */,
			);
			runOnlyForDeploymentPostprocessing = 0;
		};
/* End PBXSourcesBuildPhase section */

/* Begin PBXTargetDependency section */
		7324273E2C6F2F5C0084AB4D /* PBXTargetDependency */ = {
			isa = PBXTargetDependency;
			target = 732427252C6F2F5B0084AB4D /* APiIntegartion */;
			targetProxy = 7324273D2C6F2F5C0084AB4D /* PBXContainerItemProxy */;
		};
		732427482C6F2F5C0084AB4D /* PBXTargetDependency */ = {
			isa = PBXTargetDependency;
			target = 732427252C6F2F5B0084AB4D /* APiIntegartion */;
			targetProxy = 732427472C6F2F5C0084AB4D /* PBXContainerItemProxy */;
		};
/* End PBXTargetDependency section */

/* Begin PBXVariantGroup section */
		7324272F2C6F2F5B0084AB4D /* Main.storyboard */ = {
			isa = PBXVariantGroup;
			children = (
				732427302C6F2F5B0084AB4D /* Base */,
			);
			name = Main.storyboard;
			sourceTree = "<group>";
		};
		732427342C6F2F5C0084AB4D /* LaunchScreen.storyboard */ = {
			isa = PBXVariantGroup;
			children = (
				732427352C6F2F5C0084AB4D /* Base */,
			);
			name = LaunchScreen.storyboard;
			sourceTree = "<group>";
		};
/* End PBXVariantGroup section */

/* Begin XCBuildConfiguration section */
		7324274E2C6F2F5C0084AB4D /* Debug */ = {
			isa = XCBuildConfiguration;
			buildSettings = {
				ALWAYS_SEARCH_USER_PATHS = NO;
				ASSETCATALOG_COMPILER_GENERATE_SWIFT_ASSET_SYMBOL_EXTENSIONS = YES;
				CLANG_ANALYZER_NONNULL = YES;
				CLANG_ANALYZER_NUMBER_OBJECT_CONVERSION = YES_AGGRESSIVE;
				CLANG_CXX_LANGUAGE_STANDARD = "gnu++20";
				CLANG_ENABLE_MODULES = YES;
				CLANG_ENABLE_OBJC_ARC = YES;
				CLANG_ENABLE_OBJC_WEAK = YES;
				CLANG_WARN_BLOCK_CAPTURE_AUTORELEASING = YES;
				CLANG_WARN_BOOL_CONVERSION = YES;
				CLANG_WARN_COMMA = YES;
				CLANG_WARN_CONSTANT_CONVERSION = YES;
				CLANG_WARN_DEPRECATED_OBJC_IMPLEMENTATIONS = YES;
				CLANG_WARN_DIRECT_OBJC_ISA_USAGE = YES_ERROR;
				CLANG_WARN_DOCUMENTATION_COMMENTS = YES;
				CLANG_WARN_EMPTY_BODY = YES;
				CLANG_WARN_ENUM_CONVERSION = YES;
				CLANG_WARN_INFINITE_RECURSION = YES;
				CLANG_WARN_INT_CONVERSION = YES;
				CLANG_WARN_NON_LITERAL_NULL_CONVERSION = YES;
				CLANG_WARN_OBJC_IMPLICIT_RETAIN_SELF = YES;
				CLANG_WARN_OBJC_LITERAL_CONVERSION = YES;
				CLANG_WARN_OBJC_ROOT_CLASS = YES_ERROR;
				CLANG_WARN_QUOTED_INCLUDE_IN_FRAMEWORK_HEADER = YES;
				CLANG_WARN_RANGE_LOOP_ANALYSIS = YES;
				CLANG_WARN_STRICT_PROTOTYPES = YES;
				CLANG_WARN_SUSPICIOUS_MOVE = YES;
				CLANG_WARN_UNGUARDED_AVAILABILITY = YES_AGGRESSIVE;
				CLANG_WARN_UNREACHABLE_CODE = YES;
				CLANG_WARN__DUPLICATE_METHOD_MATCH = YES;
				COPY_PHASE_STRIP = NO;
				DEBUG_INFORMATION_FORMAT = dwarf;
				ENABLE_STRICT_OBJC_MSGSEND = YES;
				ENABLE_TESTABILITY = YES;
				ENABLE_USER_SCRIPT_SANDBOXING = YES;
				GCC_C_LANGUAGE_STANDARD = gnu17;
				GCC_DYNAMIC_NO_PIC = NO;
				GCC_NO_COMMON_BLOCKS = YES;
				GCC_OPTIMIZATION_LEVEL = 0;
				GCC_PREPROCESSOR_DEFINITIONS = (
					"DEBUG=1",
					"$(inherited)",
				);
				GCC_WARN_64_TO_32_BIT_CONVERSION = YES;
				GCC_WARN_ABOUT_RETURN_TYPE = YES_ERROR;
				GCC_WARN_UNDECLARED_SELECTOR = YES;
				GCC_WARN_UNINITIALIZED_AUTOS = YES_AGGRESSIVE;
				GCC_WARN_UNUSED_FUNCTION = YES;
				GCC_WARN_UNUSED_VARIABLE = YES;
				IPHONEOS_DEPLOYMENT_TARGET = 17.5;
				LOCALIZATION_PREFERS_STRING_CATALOGS = YES;
				MTL_ENABLE_DEBUG_INFO = INCLUDE_SOURCE;
				MTL_FAST_MATH = YES;
				ONLY_ACTIVE_ARCH = YES;
				SDKROOT = iphoneos;
				SWIFT_ACTIVE_COMPILATION_CONDITIONS = "DEBUG $(inherited)";
				SWIFT_OPTIMIZATION_LEVEL = "-Onone";
			};
			name = Debug;
		};
		7324274F2C6F2F5C0084AB4D /* Release */ = {
			isa = XCBuildConfiguration;
			buildSettings = {
				ALWAYS_SEARCH_USER_PATHS = NO;
				ASSETCATALOG_COMPILER_GENERATE_SWIFT_ASSET_SYMBOL_EXTENSIONS = YES;
				CLANG_ANALYZER_NONNULL = YES;
				CLANG_ANALYZER_NUMBER_OBJECT_CONVERSION = YES_AGGRESSIVE;
				CLANG_CXX_LANGUAGE_STANDARD = "gnu++20";
				CLANG_ENABLE_MODULES = YES;
				CLANG_ENABLE_OBJC_ARC = YES;
				CLANG_ENABLE_OBJC_WEAK = YES;
				CLANG_WARN_BLOCK_CAPTURE_AUTORELEASING = YES;
				CLANG_WARN_BOOL_CONVERSION = YES;
				CLANG_WARN_COMMA = YES;
				CLANG_WARN_CONSTANT_CONVERSION = YES;
				CLANG_WARN_DEPRECATED_OBJC_IMPLEMENTATIONS = YES;
				CLANG_WARN_DIRECT_OBJC_ISA_USAGE = YES_ERROR;
				CLANG_WARN_DOCUMENTATION_COMMENTS = YES;
				CLANG_WARN_EMPTY_BODY = YES;
				CLANG_WARN_ENUM_CONVERSION = YES;
				CLANG_WARN_INFINITE_RECURSION = YES;
				CLANG_WARN_INT_CONVERSION = YES;
				CLANG_WARN_NON_LITERAL_NULL_CONVERSION = YES;
				CLANG_WARN_OBJC_IMPLICIT_RETAIN_SELF = YES;
				CLANG_WARN_OBJC_LITERAL_CONVERSION = YES;
				CLANG_WARN_OBJC_ROOT_CLASS = YES_ERROR;
				CLANG_WARN_QUOTED_INCLUDE_IN_FRAMEWORK_HEADER = YES;
				CLANG_WARN_RANGE_LOOP_ANALYSIS = YES;
				CLANG_WARN_STRICT_PROTOTYPES = YES;
				CLANG_WARN_SUSPICIOUS_MOVE = YES;
				CLANG_WARN_UNGUARDED_AVAILABILITY = YES_AGGRESSIVE;
				CLANG_WARN_UNREACHABLE_CODE = YES;
				CLANG_WARN__DUPLICATE_METHOD_MATCH = YES;
				COPY_PHASE_STRIP = NO;
				DEBUG_INFORMATION_FORMAT = "dwarf-with-dsym";
				ENABLE_NS_ASSERTIONS = NO;
				ENABLE_STRICT_OBJC_MSGSEND = YES;
				ENABLE_USER_SCRIPT_SANDBOXING = YES;
				GCC_C_LANGUAGE_STANDARD = gnu17;
				GCC_NO_COMMON_BLOCKS = YES;
				GCC_WARN_64_TO_32_BIT_CONVERSION = YES;
				GCC_WARN_ABOUT_RETURN_TYPE = YES_ERROR;
				GCC_WARN_UNDECLARED_SELECTOR = YES;
				GCC_WARN_UNINITIALIZED_AUTOS = YES_AGGRESSIVE;
				GCC_WARN_UNUSED_FUNCTION = YES;
				GCC_WARN_UNUSED_VARIABLE = YES;
				IPHONEOS_DEPLOYMENT_TARGET = 17.5;
				LOCALIZATION_PREFERS_STRING_CATALOGS = YES;
				MTL_ENABLE_DEBUG_INFO = NO;
				MTL_FAST_MATH = YES;
				SDKROOT = iphoneos;
				SWIFT_COMPILATION_MODE = wholemodule;
				VALIDATE_PRODUCT = YES;
			};
			name = Release;
		};
		732427512C6F2F5C0084AB4D /* Debug */ = {
			isa = XCBuildConfiguration;
			buildSettings = {
				ASSETCATALOG_COMPILER_APPICON_NAME = AppIcon;
				ASSETCATALOG_COMPILER_GLOBAL_ACCENT_COLOR_NAME = AccentColor;
				CODE_SIGN_STYLE = Automatic;
				CURRENT_PROJECT_VERSION = 1;
				GENERATE_INFOPLIST_FILE = YES;
				INFOPLIST_FILE = APiIntegartion/Info.plist;
				INFOPLIST_KEY_UIApplicationSupportsIndirectInputEvents = YES;
				INFOPLIST_KEY_UILaunchStoryboardName = LaunchScreen;
				INFOPLIST_KEY_UIMainStoryboardFile = Main;
				INFOPLIST_KEY_UISupportedInterfaceOrientations_iPad = "UIInterfaceOrientationPortrait UIInterfaceOrientationPortraitUpsideDown UIInterfaceOrientationLandscapeLeft UIInterfaceOrientationLandscapeRight";
				INFOPLIST_KEY_UISupportedInterfaceOrientations_iPhone = "UIInterfaceOrientationPortrait UIInterfaceOrientationLandscapeLeft UIInterfaceOrientationLandscapeRight";
				LD_RUNPATH_SEARCH_PATHS = (
					"$(inherited)",
					"@executable_path/Frameworks",
				);
				MARKETING_VERSION = 1.0;
				PRODUCT_BUNDLE_IDENTIFIER = ramesh.APiIntegartion;
				PRODUCT_NAME = "$(TARGET_NAME)";
				SWIFT_EMIT_LOC_STRINGS = YES;
				SWIFT_VERSION = 5.0;
				TARGETED_DEVICE_FAMILY = "1,2";
			};
			name = Debug;
		};
		732427522C6F2F5C0084AB4D /* Release */ = {
			isa = XCBuildConfiguration;
			buildSettings = {
				ASSETCATALOG_COMPILER_APPICON_NAME = AppIcon;
				ASSETCATALOG_COMPILER_GLOBAL_ACCENT_COLOR_NAME = AccentColor;
				CODE_SIGN_STYLE = Automatic;
				CURRENT_PROJECT_VERSION = 1;
				GENERATE_INFOPLIST_FILE = YES;
				INFOPLIST_FILE = APiIntegartion/Info.plist;
				INFOPLIST_KEY_UIApplicationSupportsIndirectInputEvents = YES;
				INFOPLIST_KEY_UILaunchStoryboardName = LaunchScreen;
				INFOPLIST_KEY_UIMainStoryboardFile = Main;
				INFOPLIST_KEY_UISupportedInterfaceOrientations_iPad = "UIInterfaceOrientationPortrait UIInterfaceOrientationPortraitUpsideDown UIInterfaceOrientationLandscapeLeft UIInterfaceOrientationLandscapeRight";
				INFOPLIST_KEY_UISupportedInterfaceOrientations_iPhone = "UIInterfaceOrientationPortrait UIInterfaceOrientationLandscapeLeft UIInterfaceOrientationLandscapeRight";
				LD_RUNPATH_SEARCH_PATHS = (
					"$(inherited)",
					"@executable_path/Frameworks",
				);
				MARKETING_VERSION = 1.0;
				PRODUCT_BUNDLE_IDENTIFIER = ramesh.APiIntegartion;
				PRODUCT_NAME = "$(TARGET_NAME)";
				SWIFT_EMIT_LOC_STRINGS = YES;
				SWIFT_VERSION = 5.0;
				TARGETED_DEVICE_FAMILY = "1,2";
			};
			name = Release;
		};
		732427542C6F2F5C0084AB4D /* Debug */ = {
			isa = XCBuildConfiguration;
			buildSettings = {
				ALWAYS_EMBED_SWIFT_STANDARD_LIBRARIES = YES;
				BUNDLE_LOADER = "$(TEST_HOST)";
				CODE_SIGN_STYLE = Automatic;
				CURRENT_PROJECT_VERSION = 1;
				GENERATE_INFOPLIST_FILE = YES;
				IPHONEOS_DEPLOYMENT_TARGET = 17.5;
				MARKETING_VERSION = 1.0;
				PRODUCT_BUNDLE_IDENTIFIER = ramesh.APiIntegartionTests;
				PRODUCT_NAME = "$(TARGET_NAME)";
				SWIFT_EMIT_LOC_STRINGS = NO;
				SWIFT_VERSION = 5.0;
				TARGETED_DEVICE_FAMILY = "1,2";
				TEST_HOST = "$(BUILT_PRODUCTS_DIR)/APiIntegartion.app/$(BUNDLE_EXECUTABLE_FOLDER_PATH)/APiIntegartion";
			};
			name = Debug;
		};
		732427552C6F2F5C0084AB4D /* Release */ = {
			isa = XCBuildConfiguration;
			buildSettings = {
				ALWAYS_EMBED_SWIFT_STANDARD_LIBRARIES = YES;
				BUNDLE_LOADER = "$(TEST_HOST)";
				CODE_SIGN_STYLE = Automatic;
				CURRENT_PROJECT_VERSION = 1;
				GENERATE_INFOPLIST_FILE = YES;
				IPHONEOS_DEPLOYMENT_TARGET = 17.5;
				MARKETING_VERSION = 1.0;
				PRODUCT_BUNDLE_IDENTIFIER = ramesh.APiIntegartionTests;
				PRODUCT_NAME = "$(TARGET_NAME)";
				SWIFT_EMIT_LOC_STRINGS = NO;
				SWIFT_VERSION = 5.0;
				TARGETED_DEVICE_FAMILY = "1,2";
				TEST_HOST = "$(BUILT_PRODUCTS_DIR)/APiIntegartion.app/$(BUNDLE_EXECUTABLE_FOLDER_PATH)/APiIntegartion";
			};
			name = Release;
		};
		732427572C6F2F5C0084AB4D /* Debug */ = {
			isa = XCBuildConfiguration;
			buildSettings = {
				ALWAYS_EMBED_SWIFT_STANDARD_LIBRARIES = YES;
				CODE_SIGN_STYLE = Automatic;
				CURRENT_PROJECT_VERSION = 1;
				GENERATE_INFOPLIST_FILE = YES;
				MARKETING_VERSION = 1.0;
				PRODUCT_BUNDLE_IDENTIFIER = ramesh.APiIntegartionUITests;
				PRODUCT_NAME = "$(TARGET_NAME)";
				SWIFT_EMIT_LOC_STRINGS = NO;
				SWIFT_VERSION = 5.0;
				TARGETED_DEVICE_FAMILY = "1,2";
				TEST_TARGET_NAME = APiIntegartion;
			};
			name = Debug;
		};
		732427582C6F2F5C0084AB4D /* Release */ = {
			isa = XCBuildConfiguration;
			buildSettings = {
				ALWAYS_EMBED_SWIFT_STANDARD_LIBRARIES = YES;
				CODE_SIGN_STYLE = Automatic;
				CURRENT_PROJECT_VERSION = 1;
				GENERATE_INFOPLIST_FILE = YES;
				MARKETING_VERSION = 1.0;
				PRODUCT_BUNDLE_IDENTIFIER = ramesh.APiIntegartionUITests;
				PRODUCT_NAME = "$(TARGET_NAME)";
				SWIFT_EMIT_LOC_STRINGS = NO;
				SWIFT_VERSION = 5.0;
				TARGETED_DEVICE_FAMILY = "1,2";
				TEST_TARGET_NAME = APiIntegartion;
			};
			name = Release;
		};
/* End XCBuildConfiguration section */

/* Begin XCConfigurationList section */
		732427212C6F2F5B0084AB4D /* Build configuration list for PBXProject "APiIntegartion" */ = {
			isa = XCConfigurationList;
			buildConfigurations = (
				7324274E2C6F2F5C0084AB4D /* Debug */,
				7324274F2C6F2F5C0084AB4D /* Release */,
			);
			defaultConfigurationIsVisible = 0;
			defaultConfigurationName = Release;
		};
		732427502C6F2F5C0084AB4D /* Build configuration list for PBXNativeTarget "APiIntegartion" */ = {
			isa = XCConfigurationList;
			buildConfigurations = (
				732427512C6F2F5C0084AB4D /* Debug */,
				732427522C6F2F5C0084AB4D /* Release */,
			);
			defaultConfigurationIsVisible = 0;
			defaultConfigurationName = Release;
		};
		732427532C6F2F5C0084AB4D /* Build configuration list for PBXNativeTarget "APiIntegartionTests" */ = {
			isa = XCConfigurationList;
			buildConfigurations = (
				732427542C6F2F5C0084AB4D /* Debug */,
				732427552C6F2F5C0084AB4D /* Release */,
			);
			defaultConfigurationIsVisible = 0;
			defaultConfigurationName = Release;
		};
		732427562C6F2F5C0084AB4D /* Build configuration list for PBXNativeTarget "APiIntegartionUITests" */ = {
			isa = XCConfigurationList;
			buildConfigurations = (
				732427572C6F2F5C0084AB4D /* Debug */,
				732427582C6F2F5C0084AB4D /* Release */,
			);
			defaultConfigurationIsVisible = 0;
			defaultConfigurationName = Release;
		};
/* End XCConfigurationList section */
	};
	rootObject = 7324271E2C6F2F5B0084AB4D /* Project object */;
}
