// !$*UTF8*$!
{
	archiveVersion = 1;
	classes = {
	};
	objectVersion = 56;
	objects = {

/* Begin PBXBuildFile section */
		73214CA02C4B85FC00B020BE /* AppDelegate.swift in Sources */ = {isa = PBXBuildFile; fileRef = 73214C9F2C4B85FC00B020BE /* AppDelegate.swift */; };
		73214CA22C4B85FC00B020BE /* SceneDelegate.swift in Sources */ = {isa = PBXBuildFile; fileRef = 73214CA12C4B85FC00B020BE /* SceneDelegate.swift */; };
		73214CA42C4B85FC00B020BE /* ViewController.swift in Sources */ = {isa = PBXBuildFile; fileRef = 73214CA32C4B85FC00B020BE /* ViewController.swift */; };
		73214CA72C4B85FC00B020BE /* Base in Resources */ = {isa = PBXBuildFile; fileRef = 73214CA62C4B85FC00B020BE /* Base */; };
		73214CA92C4B85FD00B020BE /* Assets.xcassets in Resources */ = {isa = PBXBuildFile; fileRef = 73214CA82C4B85FD00B020BE /* Assets.xcassets */; };
		73214CAC2C4B85FD00B020BE /* Base in Resources */ = {isa = PBXBuildFile; fileRef = 73214CAB2C4B85FD00B020BE /* Base */; };
		73214CB72C4B85FD00B020BE /* PagingViewTests.swift in Sources */ = {isa = PBXBuildFile; fileRef = 73214CB62C4B85FD00B020BE /* PagingViewTests.swift */; };
		73214CC12C4B85FD00B020BE /* PagingViewUITests.swift in Sources */ = {isa = PBXBuildFile; fileRef = 73214CC02C4B85FD00B020BE /* PagingViewUITests.swift */; };
		73214CC32C4B85FD00B020BE /* PagingViewUITestsLaunchTests.swift in Sources */ = {isa = PBXBuildFile; fileRef = 73214CC22C4B85FD00B020BE /* PagingViewUITestsLaunchTests.swift */; };
		7398AC322C4F65F70086B6CB /* SecondViewController.swift in Sources */ = {isa = PBXBuildFile; fileRef = 7398AC312C4F65F70086B6CB /* SecondViewController.swift */; };
		7398AC342C4F660A0086B6CB /* ThirdViewController.swift in Sources */ = {isa = PBXBuildFile; fileRef = 7398AC332C4F660A0086B6CB /* ThirdViewController.swift */; };
		7398AC362C4F66240086B6CB /* FourthViewController.swift in Sources */ = {isa = PBXBuildFile; fileRef = 7398AC352C4F66240086B6CB /* FourthViewController.swift */; };
/* End PBXBuildFile section */

/* Begin PBXContainerItemProxy section */
		73214CB32C4B85FD00B020BE /* PBXContainerItemProxy */ = {
			isa = PBXContainerItemProxy;
			containerPortal = 73214C942C4B85FC00B020BE /* Project object */;
			proxyType = 1;
			remoteGlobalIDString = 73214C9B2C4B85FC00B020BE;
			remoteInfo = PagingView;
		};
		73214CBD2C4B85FD00B020BE /* PBXContainerItemProxy */ = {
			isa = PBXContainerItemProxy;
			containerPortal = 73214C942C4B85FC00B020BE /* Project object */;
			proxyType = 1;
			remoteGlobalIDString = 73214C9B2C4B85FC00B020BE;
			remoteInfo = PagingView;
		};
/* End PBXContainerItemProxy section */

/* Begin PBXFileReference section */
		73214C9C2C4B85FC00B020BE /* PagingView.app */ = {isa = PBXFileReference; explicitFileType = wrapper.application; includeInIndex = 0; path = PagingView.app; sourceTree = BUILT_PRODUCTS_DIR; };
		73214C9F2C4B85FC00B020BE /* AppDelegate.swift */ = {isa = PBXFileReference; lastKnownFileType = sourcecode.swift; path = AppDelegate.swift; sourceTree = "<group>"; };
		73214CA12C4B85FC00B020BE /* SceneDelegate.swift */ = {isa = PBXFileReference; lastKnownFileType = sourcecode.swift; path = SceneDelegate.swift; sourceTree = "<group>"; };
		73214CA32C4B85FC00B020BE /* ViewController.swift */ = {isa = PBXFileReference; lastKnownFileType = sourcecode.swift; path = ViewController.swift; sourceTree = "<group>"; };
		73214CA62C4B85FC00B020BE /* Base */ = {isa = PBXFileReference; lastKnownFileType = file.storyboard; name = Base; path = Base.lproj/Main.storyboard; sourceTree = "<group>"; };
		73214CA82C4B85FD00B020BE /* Assets.xcassets */ = {isa = PBXFileReference; lastKnownFileType = folder.assetcatalog; path = Assets.xcassets; sourceTree = "<group>"; };
		73214CAB2C4B85FD00B020BE /* Base */ = {isa = PBXFileReference; lastKnownFileType = file.storyboard; name = Base; path = Base.lproj/LaunchScreen.storyboard; sourceTree = "<group>"; };
		73214CAD2C4B85FD00B020BE /* Info.plist */ = {isa = PBXFileReference; lastKnownFileType = text.plist.xml; path = Info.plist; sourceTree = "<group>"; };
		73214CB22C4B85FD00B020BE /* PagingViewTests.xctest */ = {isa = PBXFileReference; explicitFileType = wrapper.cfbundle; includeInIndex = 0; path = PagingViewTests.xctest; sourceTree = BUILT_PRODUCTS_DIR; };
		73214CB62C4B85FD00B020BE /* PagingViewTests.swift */ = {isa = PBXFileReference; lastKnownFileType = sourcecode.swift; path = PagingViewTests.swift; sourceTree = "<group>"; };
		73214CBC2C4B85FD00B020BE /* PagingViewUITests.xctest */ = {isa = PBXFileReference; explicitFileType = wrapper.cfbundle; includeInIndex = 0; path = PagingViewUITests.xctest; sourceTree = BUILT_PRODUCTS_DIR; };
		73214CC02C4B85FD00B020BE /* PagingViewUITests.swift */ = {isa = PBXFileReference; lastKnownFileType = sourcecode.swift; path = PagingViewUITests.swift; sourceTree = "<group>"; };
		73214CC22C4B85FD00B020BE /* PagingViewUITestsLaunchTests.swift */ = {isa = PBXFileReference; lastKnownFileType = sourcecode.swift; path = PagingViewUITestsLaunchTests.swift; sourceTree = "<group>"; };
		7398AC312C4F65F70086B6CB /* SecondViewController.swift */ = {isa = PBXFileReference; lastKnownFileType = sourcecode.swift; path = SecondViewController.swift; sourceTree = "<group>"; };
		7398AC332C4F660A0086B6CB /* ThirdViewController.swift */ = {isa = PBXFileReference; lastKnownFileType = sourcecode.swift; path = ThirdViewController.swift; sourceTree = "<group>"; };
		7398AC352C4F66240086B6CB /* FourthViewController.swift */ = {isa = PBXFileReference; lastKnownFileType = sourcecode.swift; path = FourthViewController.swift; sourceTree = "<group>"; };
/* End PBXFileReference section */

/* Begin PBXFrameworksBuildPhase section */
		73214C992C4B85FC00B020BE /* Frameworks */ = {
			isa = PBXFrameworksBuildPhase;
			buildActionMask = 2147483647;
			files = (
			);
			runOnlyForDeploymentPostprocessing = 0;
		};
		73214CAF2C4B85FD00B020BE /* Frameworks */ = {
			isa = PBXFrameworksBuildPhase;
			buildActionMask = 2147483647;
			files = (
			);
			runOnlyForDeploymentPostprocessing = 0;
		};
		73214CB92C4B85FD00B020BE /* Frameworks */ = {
			isa = PBXFrameworksBuildPhase;
			buildActionMask = 2147483647;
			files = (
			);
			runOnlyForDeploymentPostprocessing = 0;
		};
/* End PBXFrameworksBuildPhase section */

/* Begin PBXGroup section */
		73214C932C4B85FC00B020BE = {
			isa = PBXGroup;
			children = (
				73214C9E2C4B85FC00B020BE /* PagingView */,
				73214CB52C4B85FD00B020BE /* PagingViewTests */,
				73214CBF2C4B85FD00B020BE /* PagingViewUITests */,
				73214C9D2C4B85FC00B020BE /* Products */,
			);
			sourceTree = "<group>";
		};
		73214C9D2C4B85FC00B020BE /* Products */ = {
			isa = PBXGroup;
			children = (
				73214C9C2C4B85FC00B020BE /* PagingView.app */,
				73214CB22C4B85FD00B020BE /* PagingViewTests.xctest */,
				73214CBC2C4B85FD00B020BE /* PagingViewUITests.xctest */,
			);
			name = Products;
			sourceTree = "<group>";
		};
		73214C9E2C4B85FC00B020BE /* PagingView */ = {
			isa = PBXGroup;
			children = (
				73214C9F2C4B85FC00B020BE /* AppDelegate.swift */,
				73214CA12C4B85FC00B020BE /* SceneDelegate.swift */,
				73214CA32C4B85FC00B020BE /* ViewController.swift */,
				7398AC312C4F65F70086B6CB /* SecondViewController.swift */,
				7398AC332C4F660A0086B6CB /* ThirdViewController.swift */,
				7398AC352C4F66240086B6CB /* FourthViewController.swift */,
				73214CA52C4B85FC00B020BE /* Main.storyboard */,
				73214CA82C4B85FD00B020BE /* Assets.xcassets */,
				73214CAA2C4B85FD00B020BE /* LaunchScreen.storyboard */,
				73214CAD2C4B85FD00B020BE /* Info.plist */,
			);
			path = PagingView;
			sourceTree = "<group>";
		};
		73214CB52C4B85FD00B020BE /* PagingViewTests */ = {
			isa = PBXGroup;
			children = (
				73214CB62C4B85FD00B020BE /* PagingViewTests.swift */,
			);
			path = PagingViewTests;
			sourceTree = "<group>";
		};
		73214CBF2C4B85FD00B020BE /* PagingViewUITests */ = {
			isa = PBXGroup;
			children = (
				73214CC02C4B85FD00B020BE /* PagingViewUITests.swift */,
				73214CC22C4B85FD00B020BE /* PagingViewUITestsLaunchTests.swift */,
			);
			path = PagingViewUITests;
			sourceTree = "<group>";
		};
/* End PBXGroup section */

/* Begin PBXNativeTarget section */
		73214C9B2C4B85FC00B020BE /* PagingView */ = {
			isa = PBXNativeTarget;
			buildConfigurationList = 73214CC62C4B85FD00B020BE /* Build configuration list for PBXNativeTarget "PagingView" */;
			buildPhases = (
				7E778A4F7CC526E7CC4DCAC2 /* [CP] Check Pods Manifest.lock */,
				73214C982C4B85FC00B020BE /* Sources */,
				73214C992C4B85FC00B020BE /* Frameworks */,
				73214C9A2C4B85FC00B020BE /* Resources */,
			);
			buildRules = (
			);
			dependencies = (
			);
			name = PagingView;
			productName = PagingView;
			productReference = 73214C9C2C4B85FC00B020BE /* PagingView.app */;
			productType = "com.apple.product-type.application";
		};
		73214CB12C4B85FD00B020BE /* PagingViewTests */ = {
			isa = PBXNativeTarget;
			buildConfigurationList = 73214CC92C4B85FD00B020BE /* Build configuration list for PBXNativeTarget "PagingViewTests" */;
			buildPhases = (
				2326D190A4AFA5BB071FEA78 /* [CP] Check Pods Manifest.lock */,
				73214CAE2C4B85FD00B020BE /* Sources */,
				73214CAF2C4B85FD00B020BE /* Frameworks */,
				73214CB02C4B85FD00B020BE /* Resources */,
			);
			buildRules = (
			);
			dependencies = (
				73214CB42C4B85FD00B020BE /* PBXTargetDependency */,
			);
			name = PagingViewTests;
			productName = PagingViewTests;
			productReference = 73214CB22C4B85FD00B020BE /* PagingViewTests.xctest */;
			productType = "com.apple.product-type.bundle.unit-test";
		};
		73214CBB2C4B85FD00B020BE /* PagingViewUITests */ = {
			isa = PBXNativeTarget;
			buildConfigurationList = 73214CCC2C4B85FD00B020BE /* Build configuration list for PBXNativeTarget "PagingViewUITests" */;
			buildPhases = (
				1BB6D66177B2E97527743E59 /* [CP] Check Pods Manifest.lock */,
				73214CB82C4B85FD00B020BE /* Sources */,
				73214CB92C4B85FD00B020BE /* Frameworks */,
				73214CBA2C4B85FD00B020BE /* Resources */,
			);
			buildRules = (
			);
			dependencies = (
				73214CBE2C4B85FD00B020BE /* PBXTargetDependency */,
			);
			name = PagingViewUITests;
			productName = PagingViewUITests;
			productReference = 73214CBC2C4B85FD00B020BE /* PagingViewUITests.xctest */;
			productType = "com.apple.product-type.bundle.ui-testing";
		};
/* End PBXNativeTarget section */

/* Begin PBXProject section */
		73214C942C4B85FC00B020BE /* Project object */ = {
			isa = PBXProject;
			attributes = {
				BuildIndependentTargetsInParallel = 1;
				LastSwiftUpdateCheck = 1540;
				LastUpgradeCheck = 1540;
				TargetAttributes = {
					73214C9B2C4B85FC00B020BE = {
						CreatedOnToolsVersion = 15.4;
					};
					73214CB12C4B85FD00B020BE = {
						CreatedOnToolsVersion = 15.4;
						TestTargetID = 73214C9B2C4B85FC00B020BE;
					};
					73214CBB2C4B85FD00B020BE = {
						CreatedOnToolsVersion = 15.4;
						TestTargetID = 73214C9B2C4B85FC00B020BE;
					};
				};
			};
			buildConfigurationList = 73214C972C4B85FC00B020BE /* Build configuration list for PBXProject "PagingView" */;
			compatibilityVersion = "Xcode 14.0";
			developmentRegion = en;
			hasScannedForEncodings = 0;
			knownRegions = (
				en,
				Base,
			);
			mainGroup = 73214C932C4B85FC00B020BE;
			productRefGroup = 73214C9D2C4B85FC00B020BE /* Products */;
			projectDirPath = "";
			projectRoot = "";
			targets = (
				73214C9B2C4B85FC00B020BE /* PagingView */,
				73214CB12C4B85FD00B020BE /* PagingViewTests */,
				73214CBB2C4B85FD00B020BE /* PagingViewUITests */,
			);
		};
/* End PBXProject section */

/* Begin PBXResourcesBuildPhase section */
		73214C9A2C4B85FC00B020BE /* Resources */ = {
			isa = PBXResourcesBuildPhase;
			buildActionMask = 2147483647;
			files = (
				73214CA92C4B85FD00B020BE /* Assets.xcassets in Resources */,
				73214CAC2C4B85FD00B020BE /* Base in Resources */,
				73214CA72C4B85FC00B020BE /* Base in Resources */,
			);
			runOnlyForDeploymentPostprocessing = 0;
		};
		73214CB02C4B85FD00B020BE /* Resources */ = {
			isa = PBXResourcesBuildPhase;
			buildActionMask = 2147483647;
			files = (
			);
			runOnlyForDeploymentPostprocessing = 0;
		};
		73214CBA2C4B85FD00B020BE /* Resources */ = {
			isa = PBXResourcesBuildPhase;
			buildActionMask = 2147483647;
			files = (
			);
			runOnlyForDeploymentPostprocessing = 0;
		};
/* End PBXResourcesBuildPhase section */

/* Begin PBXShellScriptBuildPhase section */
		1BB6D66177B2E97527743E59 /* [CP] Check Pods Manifest.lock */ = {
			isa = PBXShellScriptBuildPhase;
			buildActionMask = 2147483647;
			files = (
			);
			inputFileListPaths = (
			);
			inputPaths = (
				"${PODS_PODFILE_DIR_PATH}/Podfile.lock",
				"${PODS_ROOT}/Manifest.lock",
			);
			name = "[CP] Check Pods Manifest.lock";
			outputFileListPaths = (
			);
			outputPaths = (
				"$(DERIVED_FILE_DIR)/Pods-PagingView-PagingViewUITests-checkManifestLockResult.txt",
			);
			runOnlyForDeploymentPostprocessing = 0;
			shellPath = /bin/sh;
			shellScript = "diff \"${PODS_PODFILE_DIR_PATH}/Podfile.lock\" \"${PODS_ROOT}/Manifest.lock\" > /dev/null\nif [ $? != 0 ] ; then\n    # print error to STDERR\n    echo \"error: The sandbox is not in sync with the Podfile.lock. Run 'pod install' or update your CocoaPods installation.\" >&2\n    exit 1\nfi\n# This output is used by Xcode 'outputs' to avoid re-running this script phase.\necho \"SUCCESS\" > \"${SCRIPT_OUTPUT_FILE_0}\"\n";
			showEnvVarsInLog = 0;
		};
		2326D190A4AFA5BB071FEA78 /* [CP] Check Pods Manifest.lock */ = {
			isa = PBXShellScriptBuildPhase;
			buildActionMask = 2147483647;
			files = (
			);
			inputFileListPaths = (
			);
			inputPaths = (
				"${PODS_PODFILE_DIR_PATH}/Podfile.lock",
				"${PODS_ROOT}/Manifest.lock",
			);
			name = "[CP] Check Pods Manifest.lock";
			outputFileListPaths = (
			);
			outputPaths = (
				"$(DERIVED_FILE_DIR)/Pods-PagingViewTests-checkManifestLockResult.txt",
			);
			runOnlyForDeploymentPostprocessing = 0;
			shellPath = /bin/sh;
			shellScript = "diff \"${PODS_PODFILE_DIR_PATH}/Podfile.lock\" \"${PODS_ROOT}/Manifest.lock\" > /dev/null\nif [ $? != 0 ] ; then\n    # print error to STDERR\n    echo \"error: The sandbox is not in sync with the Podfile.lock. Run 'pod install' or update your CocoaPods installation.\" >&2\n    exit 1\nfi\n# This output is used by Xcode 'outputs' to avoid re-running this script phase.\necho \"SUCCESS\" > \"${SCRIPT_OUTPUT_FILE_0}\"\n";
			showEnvVarsInLog = 0;
		};
		7E778A4F7CC526E7CC4DCAC2 /* [CP] Check Pods Manifest.lock */ = {
			isa = PBXShellScriptBuildPhase;
			buildActionMask = 2147483647;
			files = (
			);
			inputFileListPaths = (
			);
			inputPaths = (
				"${PODS_PODFILE_DIR_PATH}/Podfile.lock",
				"${PODS_ROOT}/Manifest.lock",
			);
			name = "[CP] Check Pods Manifest.lock";
			outputFileListPaths = (
			);
			outputPaths = (
				"$(DERIVED_FILE_DIR)/Pods-PagingView-checkManifestLockResult.txt",
			);
			runOnlyForDeploymentPostprocessing = 0;
			shellPath = /bin/sh;
			shellScript = "diff \"${PODS_PODFILE_DIR_PATH}/Podfile.lock\" \"${PODS_ROOT}/Manifest.lock\" > /dev/null\nif [ $? != 0 ] ; then\n    # print error to STDERR\n    echo \"error: The sandbox is not in sync with the Podfile.lock. Run 'pod install' or update your CocoaPods installation.\" >&2\n    exit 1\nfi\n# This output is used by Xcode 'outputs' to avoid re-running this script phase.\necho \"SUCCESS\" > \"${SCRIPT_OUTPUT_FILE_0}\"\n";
			showEnvVarsInLog = 0;
		};
/* End PBXShellScriptBuildPhase section */

/* Begin PBXSourcesBuildPhase section */
		73214C982C4B85FC00B020BE /* Sources */ = {
			isa = PBXSourcesBuildPhase;
			buildActionMask = 2147483647;
			files = (
				7398AC362C4F66240086B6CB /* FourthViewController.swift in Sources */,
				7398AC322C4F65F70086B6CB /* SecondViewController.swift in Sources */,
				73214CA42C4B85FC00B020BE /* ViewController.swift in Sources */,
				7398AC342C4F660A0086B6CB /* ThirdViewController.swift in Sources */,
				73214CA02C4B85FC00B020BE /* AppDelegate.swift in Sources */,
				73214CA22C4B85FC00B020BE /* SceneDelegate.swift in Sources */,
			);
			runOnlyForDeploymentPostprocessing = 0;
		};
		73214CAE2C4B85FD00B020BE /* Sources */ = {
			isa = PBXSourcesBuildPhase;
			buildActionMask = 2147483647;
			files = (
				73214CB72C4B85FD00B020BE /* PagingViewTests.swift in Sources */,
			);
			runOnlyForDeploymentPostprocessing = 0;
		};
		73214CB82C4B85FD00B020BE /* Sources */ = {
			isa = PBXSourcesBuildPhase;
			buildActionMask = 2147483647;
			files = (
				73214CC12C4B85FD00B020BE /* PagingViewUITests.swift in Sources */,
				73214CC32C4B85FD00B020BE /* PagingViewUITestsLaunchTests.swift in Sources */,
			);
			runOnlyForDeploymentPostprocessing = 0;
		};
/* End PBXSourcesBuildPhase section */

/* Begin PBXTargetDependency section */
		73214CB42C4B85FD00B020BE /* PBXTargetDependency */ = {
			isa = PBXTargetDependency;
			target = 73214C9B2C4B85FC00B020BE /* PagingView */;
			targetProxy = 73214CB32C4B85FD00B020BE /* PBXContainerItemProxy */;
		};
		73214CBE2C4B85FD00B020BE /* PBXTargetDependency */ = {
			isa = PBXTargetDependency;
			target = 73214C9B2C4B85FC00B020BE /* PagingView */;
			targetProxy = 73214CBD2C4B85FD00B020BE /* PBXContainerItemProxy */;
		};
/* End PBXTargetDependency section */

/* Begin PBXVariantGroup section */
		73214CA52C4B85FC00B020BE /* Main.storyboard */ = {
			isa = PBXVariantGroup;
			children = (
				73214CA62C4B85FC00B020BE /* Base */,
			);
			name = Main.storyboard;
			sourceTree = "<group>";
		};
		73214CAA2C4B85FD00B020BE /* LaunchScreen.storyboard */ = {
			isa = PBXVariantGroup;
			children = (
				73214CAB2C4B85FD00B020BE /* Base */,
			);
			name = LaunchScreen.storyboard;
			sourceTree = "<group>";
		};
/* End PBXVariantGroup section */

/* Begin XCBuildConfiguration section */
		73214CC42C4B85FD00B020BE /* Debug */ = {
			isa = XCBuildConfiguration;
			buildSettings = {
				ALWAYS_SEARCH_USER_PATHS = NO;
				ASSETCATALOG_COMPILER_GENERATE_SWIFT_ASSET_SYMBOL_EXTENSIONS = YES;
				CLANG_ANALYZER_NONNULL = YES;
				CLANG_ANALYZER_NUMBER_OBJECT_CONVERSION = YES_AGGRESSIVE;
				CLANG_CXX_LANGUAGE_STANDARD = "gnu++20";
				CLANG_ENABLE_MODULES = YES;
				CLANG_ENABLE_OBJC_ARC = YES;
				CLANG_ENABLE_OBJC_WEAK = YES;
				CLANG_WARN_BLOCK_CAPTURE_AUTORELEASING = YES;
				CLANG_WARN_BOOL_CONVERSION = YES;
				CLANG_WARN_COMMA = YES;
				CLANG_WARN_CONSTANT_CONVERSION = YES;
				CLANG_WARN_DEPRECATED_OBJC_IMPLEMENTATIONS = YES;
				CLANG_WARN_DIRECT_OBJC_ISA_USAGE = YES_ERROR;
				CLANG_WARN_DOCUMENTATION_COMMENTS = YES;
				CLANG_WARN_EMPTY_BODY = YES;
				CLANG_WARN_ENUM_CONVERSION = YES;
				CLANG_WARN_INFINITE_RECURSION = YES;
				CLANG_WARN_INT_CONVERSION = YES;
				CLANG_WARN_NON_LITERAL_NULL_CONVERSION = YES;
				CLANG_WARN_OBJC_IMPLICIT_RETAIN_SELF = YES;
				CLANG_WARN_OBJC_LITERAL_CONVERSION = YES;
				CLANG_WARN_OBJC_ROOT_CLASS = YES_ERROR;
				CLANG_WARN_QUOTED_INCLUDE_IN_FRAMEWORK_HEADER = YES;
				CLANG_WARN_RANGE_LOOP_ANALYSIS = YES;
				CLANG_WARN_STRICT_PROTOTYPES = YES;
				CLANG_WARN_SUSPICIOUS_MOVE = YES;
				CLANG_WARN_UNGUARDED_AVAILABILITY = YES_AGGRESSIVE;
				CLANG_WARN_UNREACHABLE_CODE = YES;
				CLANG_WARN__DUPLICATE_METHOD_MATCH = YES;
				COPY_PHASE_STRIP = NO;
				DEBUG_INFORMATION_FORMAT = dwarf;
				ENABLE_STRICT_OBJC_MSGSEND = YES;
				ENABLE_TESTABILITY = YES;
				ENABLE_USER_SCRIPT_SANDBOXING = YES;
				GCC_C_LANGUAGE_STANDARD = gnu17;
				GCC_DYNAMIC_NO_PIC = NO;
				GCC_NO_COMMON_BLOCKS = YES;
				GCC_OPTIMIZATION_LEVEL = 0;
				GCC_PREPROCESSOR_DEFINITIONS = (
					"DEBUG=1",
					"$(inherited)",
				);
				GCC_WARN_64_TO_32_BIT_CONVERSION = YES;
				GCC_WARN_ABOUT_RETURN_TYPE = YES_ERROR;
				GCC_WARN_UNDECLARED_SELECTOR = YES;
				GCC_WARN_UNINITIALIZED_AUTOS = YES_AGGRESSIVE;
				GCC_WARN_UNUSED_FUNCTION = YES;
				GCC_WARN_UNUSED_VARIABLE = YES;
				IPHONEOS_DEPLOYMENT_TARGET = 17.5;
				LOCALIZATION_PREFERS_STRING_CATALOGS = YES;
				MTL_ENABLE_DEBUG_INFO = INCLUDE_SOURCE;
				MTL_FAST_MATH = YES;
				ONLY_ACTIVE_ARCH = YES;
				SDKROOT = iphoneos;
				SWIFT_ACTIVE_COMPILATION_CONDITIONS = "DEBUG $(inherited)";
				SWIFT_OPTIMIZATION_LEVEL = "-Onone";
			};
			name = Debug;
		};
		73214CC52C4B85FD00B020BE /* Release */ = {
			isa = XCBuildConfiguration;
			buildSettings = {
				ALWAYS_SEARCH_USER_PATHS = NO;
				ASSETCATALOG_COMPILER_GENERATE_SWIFT_ASSET_SYMBOL_EXTENSIONS = YES;
				CLANG_ANALYZER_NONNULL = YES;
				CLANG_ANALYZER_NUMBER_OBJECT_CONVERSION = YES_AGGRESSIVE;
				CLANG_CXX_LANGUAGE_STANDARD = "gnu++20";
				CLANG_ENABLE_MODULES = YES;
				CLANG_ENABLE_OBJC_ARC = YES;
				CLANG_ENABLE_OBJC_WEAK = YES;
				CLANG_WARN_BLOCK_CAPTURE_AUTORELEASING = YES;
				CLANG_WARN_BOOL_CONVERSION = YES;
				CLANG_WARN_COMMA = YES;
				CLANG_WARN_CONSTANT_CONVERSION = YES;
				CLANG_WARN_DEPRECATED_OBJC_IMPLEMENTATIONS = YES;
				CLANG_WARN_DIRECT_OBJC_ISA_USAGE = YES_ERROR;
				CLANG_WARN_DOCUMENTATION_COMMENTS = YES;
				CLANG_WARN_EMPTY_BODY = YES;
				CLANG_WARN_ENUM_CONVERSION = YES;
				CLANG_WARN_INFINITE_RECURSION = YES;
				CLANG_WARN_INT_CONVERSION = YES;
				CLANG_WARN_NON_LITERAL_NULL_CONVERSION = YES;
				CLANG_WARN_OBJC_IMPLICIT_RETAIN_SELF = YES;
				CLANG_WARN_OBJC_LITERAL_CONVERSION = YES;
				CLANG_WARN_OBJC_ROOT_CLASS = YES_ERROR;
				CLANG_WARN_QUOTED_INCLUDE_IN_FRAMEWORK_HEADER = YES;
				CLANG_WARN_RANGE_LOOP_ANALYSIS = YES;
				CLANG_WARN_STRICT_PROTOTYPES = YES;
				CLANG_WARN_SUSPICIOUS_MOVE = YES;
				CLANG_WARN_UNGUARDED_AVAILABILITY = YES_AGGRESSIVE;
				CLANG_WARN_UNREACHABLE_CODE = YES;
				CLANG_WARN__DUPLICATE_METHOD_MATCH = YES;
				COPY_PHASE_STRIP = NO;
				DEBUG_INFORMATION_FORMAT = "dwarf-with-dsym";
				ENABLE_NS_ASSERTIONS = NO;
				ENABLE_STRICT_OBJC_MSGSEND = YES;
				ENABLE_USER_SCRIPT_SANDBOXING = YES;
				GCC_C_LANGUAGE_STANDARD = gnu17;
				GCC_NO_COMMON_BLOCKS = YES;
				GCC_WARN_64_TO_32_BIT_CONVERSION = YES;
				GCC_WARN_ABOUT_RETURN_TYPE = YES_ERROR;
				GCC_WARN_UNDECLARED_SELECTOR = YES;
				GCC_WARN_UNINITIALIZED_AUTOS = YES_AGGRESSIVE;
				GCC_WARN_UNUSED_FUNCTION = YES;
				GCC_WARN_UNUSED_VARIABLE = YES;
				IPHONEOS_DEPLOYMENT_TARGET = 17.5;
				LOCALIZATION_PREFERS_STRING_CATALOGS = YES;
				MTL_ENABLE_DEBUG_INFO = NO;
				MTL_FAST_MATH = YES;
				SDKROOT = iphoneos;
				SWIFT_COMPILATION_MODE = wholemodule;
				VALIDATE_PRODUCT = YES;
			};
			name = Release;
		};
		73214CC72C4B85FD00B020BE /* Debug */ = {
			isa = XCBuildConfiguration;
			buildSettings = {
				ASSETCATALOG_COMPILER_APPICON_NAME = AppIcon;
				ASSETCATALOG_COMPILER_GLOBAL_ACCENT_COLOR_NAME = AccentColor;
				CODE_SIGN_STYLE = Automatic;
				CURRENT_PROJECT_VERSION = 1;
				GENERATE_INFOPLIST_FILE = YES;
				INFOPLIST_FILE = PagingView/Info.plist;
				INFOPLIST_KEY_UIApplicationSupportsIndirectInputEvents = YES;
				INFOPLIST_KEY_UILaunchStoryboardName = LaunchScreen;
				INFOPLIST_KEY_UIMainStoryboardFile = Main;
				INFOPLIST_KEY_UISupportedInterfaceOrientations_iPad = "UIInterfaceOrientationPortrait UIInterfaceOrientationPortraitUpsideDown UIInterfaceOrientationLandscapeLeft UIInterfaceOrientationLandscapeRight";
				INFOPLIST_KEY_UISupportedInterfaceOrientations_iPhone = "UIInterfaceOrientationPortrait UIInterfaceOrientationLandscapeLeft UIInterfaceOrientationLandscapeRight";
				LD_RUNPATH_SEARCH_PATHS = (
					"$(inherited)",
					"@executable_path/Frameworks",
				);
				MARKETING_VERSION = 1.0;
				PRODUCT_BUNDLE_IDENTIFIER = ramesh.PagingView;
				PRODUCT_NAME = "$(TARGET_NAME)";
				SWIFT_EMIT_LOC_STRINGS = YES;
				SWIFT_VERSION = 5.0;
				TARGETED_DEVICE_FAMILY = "1,2";
			};
			name = Debug;
		};
		73214CC82C4B85FD00B020BE /* Release */ = {
			isa = XCBuildConfiguration;
			buildSettings = {
				ASSETCATALOG_COMPILER_APPICON_NAME = AppIcon;
				ASSETCATALOG_COMPILER_GLOBAL_ACCENT_COLOR_NAME = AccentColor;
				CODE_SIGN_STYLE = Automatic;
				CURRENT_PROJECT_VERSION = 1;
				GENERATE_INFOPLIST_FILE = YES;
				INFOPLIST_FILE = PagingView/Info.plist;
				INFOPLIST_KEY_UIApplicationSupportsIndirectInputEvents = YES;
				INFOPLIST_KEY_UILaunchStoryboardName = LaunchScreen;
				INFOPLIST_KEY_UIMainStoryboardFile = Main;
				INFOPLIST_KEY_UISupportedInterfaceOrientations_iPad = "UIInterfaceOrientationPortrait UIInterfaceOrientationPortraitUpsideDown UIInterfaceOrientationLandscapeLeft UIInterfaceOrientationLandscapeRight";
				INFOPLIST_KEY_UISupportedInterfaceOrientations_iPhone = "UIInterfaceOrientationPortrait UIInterfaceOrientationLandscapeLeft UIInterfaceOrientationLandscapeRight";
				LD_RUNPATH_SEARCH_PATHS = (
					"$(inherited)",
					"@executable_path/Frameworks",
				);
				MARKETING_VERSION = 1.0;
				PRODUCT_BUNDLE_IDENTIFIER = ramesh.PagingView;
				PRODUCT_NAME = "$(TARGET_NAME)";
				SWIFT_EMIT_LOC_STRINGS = YES;
				SWIFT_VERSION = 5.0;
				TARGETED_DEVICE_FAMILY = "1,2";
			};
			name = Release;
		};
		73214CCA2C4B85FD00B020BE /* Debug */ = {
			isa = XCBuildConfiguration;
			buildSettings = {
				ALWAYS_EMBED_SWIFT_STANDARD_LIBRARIES = YES;
				BUNDLE_LOADER = "$(TEST_HOST)";
				CODE_SIGN_STYLE = Automatic;
				CURRENT_PROJECT_VERSION = 1;
				GENERATE_INFOPLIST_FILE = YES;
				IPHONEOS_DEPLOYMENT_TARGET = 17.5;
				MARKETING_VERSION = 1.0;
				PRODUCT_BUNDLE_IDENTIFIER = ramesh.PagingViewTests;
				PRODUCT_NAME = "$(TARGET_NAME)";
				SWIFT_EMIT_LOC_STRINGS = NO;
				SWIFT_VERSION = 5.0;
				TARGETED_DEVICE_FAMILY = "1,2";
				TEST_HOST = "$(BUILT_PRODUCTS_DIR)/PagingView.app/$(BUNDLE_EXECUTABLE_FOLDER_PATH)/PagingView";
			};
			name = Debug;
		};
		73214CCB2C4B85FD00B020BE /* Release */ = {
			isa = XCBuildConfiguration;
			buildSettings = {
				ALWAYS_EMBED_SWIFT_STANDARD_LIBRARIES = YES;
				BUNDLE_LOADER = "$(TEST_HOST)";
				CODE_SIGN_STYLE = Automatic;
				CURRENT_PROJECT_VERSION = 1;
				GENERATE_INFOPLIST_FILE = YES;
				IPHONEOS_DEPLOYMENT_TARGET = 17.5;
				MARKETING_VERSION = 1.0;
				PRODUCT_BUNDLE_IDENTIFIER = ramesh.PagingViewTests;
				PRODUCT_NAME = "$(TARGET_NAME)";
				SWIFT_EMIT_LOC_STRINGS = NO;
				SWIFT_VERSION = 5.0;
				TARGETED_DEVICE_FAMILY = "1,2";
				TEST_HOST = "$(BUILT_PRODUCTS_DIR)/PagingView.app/$(BUNDLE_EXECUTABLE_FOLDER_PATH)/PagingView";
			};
			name = Release;
		};
		73214CCD2C4B85FD00B020BE /* Debug */ = {
			isa = XCBuildConfiguration;
			buildSettings = {
				ALWAYS_EMBED_SWIFT_STANDARD_LIBRARIES = YES;
				CODE_SIGN_STYLE = Automatic;
				CURRENT_PROJECT_VERSION = 1;
				GENERATE_INFOPLIST_FILE = YES;
				MARKETING_VERSION = 1.0;
				PRODUCT_BUNDLE_IDENTIFIER = ramesh.PagingViewUITests;
				PRODUCT_NAME = "$(TARGET_NAME)";
				SWIFT_EMIT_LOC_STRINGS = NO;
				SWIFT_VERSION = 5.0;
				TARGETED_DEVICE_FAMILY = "1,2";
				TEST_TARGET_NAME = PagingView;
			};
			name = Debug;
		};
		73214CCE2C4B85FD00B020BE /* Release */ = {
			isa = XCBuildConfiguration;
			buildSettings = {
				ALWAYS_EMBED_SWIFT_STANDARD_LIBRARIES = YES;
				CODE_SIGN_STYLE = Automatic;
				CURRENT_PROJECT_VERSION = 1;
				GENERATE_INFOPLIST_FILE = YES;
				MARKETING_VERSION = 1.0;
				PRODUCT_BUNDLE_IDENTIFIER = ramesh.PagingViewUITests;
				PRODUCT_NAME = "$(TARGET_NAME)";
				SWIFT_EMIT_LOC_STRINGS = NO;
				SWIFT_VERSION = 5.0;
				TARGETED_DEVICE_FAMILY = "1,2";
				TEST_TARGET_NAME = PagingView;
			};
			name = Release;
		};
/* End XCBuildConfiguration section */

/* Begin XCConfigurationList section */
		73214C972C4B85FC00B020BE /* Build configuration list for PBXProject "PagingView" */ = {
			isa = XCConfigurationList;
			buildConfigurations = (
				73214CC42C4B85FD00B020BE /* Debug */,
				73214CC52C4B85FD00B020BE /* Release */,
			);
			defaultConfigurationIsVisible = 0;
			defaultConfigurationName = Release;
		};
		73214CC62C4B85FD00B020BE /* Build configuration list for PBXNativeTarget "PagingView" */ = {
			isa = XCConfigurationList;
			buildConfigurations = (
				73214CC72C4B85FD00B020BE /* Debug */,
				73214CC82C4B85FD00B020BE /* Release */,
			);
			defaultConfigurationIsVisible = 0;
			defaultConfigurationName = Release;
		};
		73214CC92C4B85FD00B020BE /* Build configuration list for PBXNativeTarget "PagingViewTests" */ = {
			isa = XCConfigurationList;
			buildConfigurations = (
				73214CCA2C4B85FD00B020BE /* Debug */,
				73214CCB2C4B85FD00B020BE /* Release */,
			);
			defaultConfigurationIsVisible = 0;
			defaultConfigurationName = Release;
		};
		73214CCC2C4B85FD00B020BE /* Build configuration list for PBXNativeTarget "PagingViewUITests" */ = {
			isa = XCConfigurationList;
			buildConfigurations = (
				73214CCD2C4B85FD00B020BE /* Debug */,
				73214CCE2C4B85FD00B020BE /* Release */,
			);
			defaultConfigurationIsVisible = 0;
			defaultConfigurationName = Release;
		};
/* End XCConfigurationList section */
	};
	rootObject = 73214C942C4B85FC00B020BE /* Project object */;
}
