// !$*UTF8*$!
{
	archiveVersion = 1;
	classes = {
	};
	objectVersion = 56;
	objects = {

/* Begin PBXBuildFile section */
		7300BA152C4A675000D84CF8 /* AppDelegate.swift in Sources */ = {isa = PBXBuildFile; fileRef = 7300BA142C4A675000D84CF8 /* AppDelegate.swift */; };
		7300BA172C4A675000D84CF8 /* SceneDelegate.swift in Sources */ = {isa = PBXBuildFile; fileRef = 7300BA162C4A675000D84CF8 /* SceneDelegate.swift */; };
		7300BA192C4A675000D84CF8 /* ViewController.swift in Sources */ = {isa = PBXBuildFile; fileRef = 7300BA182C4A675000D84CF8 /* ViewController.swift */; };
		7300BA1C2C4A675000D84CF8 /* Base in Resources */ = {isa = PBXBuildFile; fileRef = 7300BA1B2C4A675000D84CF8 /* Base */; };
		7300BA1E2C4A675100D84CF8 /* Assets.xcassets in Resources */ = {isa = PBXBuildFile; fileRef = 7300BA1D2C4A675100D84CF8 /* Assets.xcassets */; };
		7300BA212C4A675100D84CF8 /* Base in Resources */ = {isa = PBXBuildFile; fileRef = 7300BA202C4A675100D84CF8 /* Base */; };
		7300BA2C2C4A675100D84CF8 /* ButtonTests.swift in Sources */ = {isa = PBXBuildFile; fileRef = 7300BA2B2C4A675100D84CF8 /* ButtonTests.swift */; };
		7300BA362C4A675100D84CF8 /* ButtonUITests.swift in Sources */ = {isa = PBXBuildFile; fileRef = 7300BA352C4A675100D84CF8 /* ButtonUITests.swift */; };
		7300BA382C4A675100D84CF8 /* ButtonUITestsLaunchTests.swift in Sources */ = {isa = PBXBuildFile; fileRef = 7300BA372C4A675100D84CF8 /* ButtonUITestsLaunchTests.swift */; };
/* End PBXBuildFile section */

/* Begin PBXContainerItemProxy section */
		7300BA282C4A675100D84CF8 /* PBXContainerItemProxy */ = {
			isa = PBXContainerItemProxy;
			containerPortal = 7300BA092C4A675000D84CF8 /* Project object */;
			proxyType = 1;
			remoteGlobalIDString = 7300BA102C4A675000D84CF8;
			remoteInfo = Button;
		};
		7300BA322C4A675100D84CF8 /* PBXContainerItemProxy */ = {
			isa = PBXContainerItemProxy;
			containerPortal = 7300BA092C4A675000D84CF8 /* Project object */;
			proxyType = 1;
			remoteGlobalIDString = 7300BA102C4A675000D84CF8;
			remoteInfo = Button;
		};
/* End PBXContainerItemProxy section */

/* Begin PBXFileReference section */
		7300BA112C4A675000D84CF8 /* Button.app */ = {isa = PBXFileReference; explicitFileType = wrapper.application; includeInIndex = 0; path = Button.app; sourceTree = BUILT_PRODUCTS_DIR; };
		7300BA142C4A675000D84CF8 /* AppDelegate.swift */ = {isa = PBXFileReference; lastKnownFileType = sourcecode.swift; path = AppDelegate.swift; sourceTree = "<group>"; };
		7300BA162C4A675000D84CF8 /* SceneDelegate.swift */ = {isa = PBXFileReference; lastKnownFileType = sourcecode.swift; path = SceneDelegate.swift; sourceTree = "<group>"; };
		7300BA182C4A675000D84CF8 /* ViewController.swift */ = {isa = PBXFileReference; lastKnownFileType = sourcecode.swift; path = ViewController.swift; sourceTree = "<group>"; };
		7300BA1B2C4A675000D84CF8 /* Base */ = {isa = PBXFileReference; lastKnownFileType = file.storyboard; name = Base; path = Base.lproj/Main.storyboard; sourceTree = "<group>"; };
		7300BA1D2C4A675100D84CF8 /* Assets.xcassets */ = {isa = PBXFileReference; lastKnownFileType = folder.assetcatalog; path = Assets.xcassets; sourceTree = "<group>"; };
		7300BA202C4A675100D84CF8 /* Base */ = {isa = PBXFileReference; lastKnownFileType = file.storyboard; name = Base; path = Base.lproj/LaunchScreen.storyboard; sourceTree = "<group>"; };
		7300BA222C4A675100D84CF8 /* Info.plist */ = {isa = PBXFileReference; lastKnownFileType = text.plist.xml; path = Info.plist; sourceTree = "<group>"; };
		7300BA272C4A675100D84CF8 /* ButtonTests.xctest */ = {isa = PBXFileReference; explicitFileType = wrapper.cfbundle; includeInIndex = 0; path = ButtonTests.xctest; sourceTree = BUILT_PRODUCTS_DIR; };
		7300BA2B2C4A675100D84CF8 /* ButtonTests.swift */ = {isa = PBXFileReference; lastKnownFileType = sourcecode.swift; path = ButtonTests.swift; sourceTree = "<group>"; };
		7300BA312C4A675100D84CF8 /* ButtonUITests.xctest */ = {isa = PBXFileReference; explicitFileType = wrapper.cfbundle; includeInIndex = 0; path = ButtonUITests.xctest; sourceTree = BUILT_PRODUCTS_DIR; };
		7300BA352C4A675100D84CF8 /* ButtonUITests.swift */ = {isa = PBXFileReference; lastKnownFileType = sourcecode.swift; path = ButtonUITests.swift; sourceTree = "<group>"; };
		7300BA372C4A675100D84CF8 /* ButtonUITestsLaunchTests.swift */ = {isa = PBXFileReference; lastKnownFileType = sourcecode.swift; path = ButtonUITestsLaunchTests.swift; sourceTree = "<group>"; };
/* End PBXFileReference section */

/* Begin PBXFrameworksBuildPhase section */
		7300BA0E2C4A675000D84CF8 /* Frameworks */ = {
			isa = PBXFrameworksBuildPhase;
			buildActionMask = 2147483647;
			files = (
			);
			runOnlyForDeploymentPostprocessing = 0;
		};
		7300BA242C4A675100D84CF8 /* Frameworks */ = {
			isa = PBXFrameworksBuildPhase;
			buildActionMask = 2147483647;
			files = (
			);
			runOnlyForDeploymentPostprocessing = 0;
		};
		7300BA2E2C4A675100D84CF8 /* Frameworks */ = {
			isa = PBXFrameworksBuildPhase;
			buildActionMask = 2147483647;
			files = (
			);
			runOnlyForDeploymentPostprocessing = 0;
		};
/* End PBXFrameworksBuildPhase section */

/* Begin PBXGroup section */
		7300BA082C4A675000D84CF8 = {
			isa = PBXGroup;
			children = (
				7300BA132C4A675000D84CF8 /* Button */,
				7300BA2A2C4A675100D84CF8 /* ButtonTests */,
				7300BA342C4A675100D84CF8 /* ButtonUITests */,
				7300BA122C4A675000D84CF8 /* Products */,
			);
			sourceTree = "<group>";
		};
		7300BA122C4A675000D84CF8 /* Products */ = {
			isa = PBXGroup;
			children = (
				7300BA112C4A675000D84CF8 /* Button.app */,
				7300BA272C4A675100D84CF8 /* ButtonTests.xctest */,
				7300BA312C4A675100D84CF8 /* ButtonUITests.xctest */,
			);
			name = Products;
			sourceTree = "<group>";
		};
		7300BA132C4A675000D84CF8 /* Button */ = {
			isa = PBXGroup;
			children = (
				7300BA142C4A675000D84CF8 /* AppDelegate.swift */,
				7300BA162C4A675000D84CF8 /* SceneDelegate.swift */,
				7300BA182C4A675000D84CF8 /* ViewController.swift */,
				7300BA1A2C4A675000D84CF8 /* Main.storyboard */,
				7300BA1D2C4A675100D84CF8 /* Assets.xcassets */,
				7300BA1F2C4A675100D84CF8 /* LaunchScreen.storyboard */,
				7300BA222C4A675100D84CF8 /* Info.plist */,
			);
			path = Button;
			sourceTree = "<group>";
		};
		7300BA2A2C4A675100D84CF8 /* ButtonTests */ = {
			isa = PBXGroup;
			children = (
				7300BA2B2C4A675100D84CF8 /* ButtonTests.swift */,
			);
			path = ButtonTests;
			sourceTree = "<group>";
		};
		7300BA342C4A675100D84CF8 /* ButtonUITests */ = {
			isa = PBXGroup;
			children = (
				7300BA352C4A675100D84CF8 /* ButtonUITests.swift */,
				7300BA372C4A675100D84CF8 /* ButtonUITestsLaunchTests.swift */,
			);
			path = ButtonUITests;
			sourceTree = "<group>";
		};
/* End PBXGroup section */

/* Begin PBXNativeTarget section */
		7300BA102C4A675000D84CF8 /* Button */ = {
			isa = PBXNativeTarget;
			buildConfigurationList = 7300BA3B2C4A675100D84CF8 /* Build configuration list for PBXNativeTarget "Button" */;
			buildPhases = (
				7300BA0D2C4A675000D84CF8 /* Sources */,
				7300BA0E2C4A675000D84CF8 /* Frameworks */,
				7300BA0F2C4A675000D84CF8 /* Resources */,
			);
			buildRules = (
			);
			dependencies = (
			);
			name = Button;
			productName = Button;
			productReference = 7300BA112C4A675000D84CF8 /* Button.app */;
			productType = "com.apple.product-type.application";
		};
		7300BA262C4A675100D84CF8 /* ButtonTests */ = {
			isa = PBXNativeTarget;
			buildConfigurationList = 7300BA3E2C4A675100D84CF8 /* Build configuration list for PBXNativeTarget "ButtonTests" */;
			buildPhases = (
				7300BA232C4A675100D84CF8 /* Sources */,
				7300BA242C4A675100D84CF8 /* Frameworks */,
				7300BA252C4A675100D84CF8 /* Resources */,
			);
			buildRules = (
			);
			dependencies = (
				7300BA292C4A675100D84CF8 /* PBXTargetDependency */,
			);
			name = ButtonTests;
			productName = ButtonTests;
			productReference = 7300BA272C4A675100D84CF8 /* ButtonTests.xctest */;
			productType = "com.apple.product-type.bundle.unit-test";
		};
		7300BA302C4A675100D84CF8 /* ButtonUITests */ = {
			isa = PBXNativeTarget;
			buildConfigurationList = 7300BA412C4A675100D84CF8 /* Build configuration list for PBXNativeTarget "ButtonUITests" */;
			buildPhases = (
				7300BA2D2C4A675100D84CF8 /* Sources */,
				7300BA2E2C4A675100D84CF8 /* Frameworks */,
				7300BA2F2C4A675100D84CF8 /* Resources */,
			);
			buildRules = (
			);
			dependencies = (
				7300BA332C4A675100D84CF8 /* PBXTargetDependency */,
			);
			name = ButtonUITests;
			productName = ButtonUITests;
			productReference = 7300BA312C4A675100D84CF8 /* ButtonUITests.xctest */;
			productType = "com.apple.product-type.bundle.ui-testing";
		};
/* End PBXNativeTarget section */

/* Begin PBXProject section */
		7300BA092C4A675000D84CF8 /* Project object */ = {
			isa = PBXProject;
			attributes = {
				BuildIndependentTargetsInParallel = 1;
				LastSwiftUpdateCheck = 1540;
				LastUpgradeCheck = 1540;
				TargetAttributes = {
					7300BA102C4A675000D84CF8 = {
						CreatedOnToolsVersion = 15.4;
					};
					7300BA262C4A675100D84CF8 = {
						CreatedOnToolsVersion = 15.4;
						TestTargetID = 7300BA102C4A675000D84CF8;
					};
					7300BA302C4A675100D84CF8 = {
						CreatedOnToolsVersion = 15.4;
						TestTargetID = 7300BA102C4A675000D84CF8;
					};
				};
			};
			buildConfigurationList = 7300BA0C2C4A675000D84CF8 /* Build configuration list for PBXProject "Button" */;
			compatibilityVersion = "Xcode 14.0";
			developmentRegion = en;
			hasScannedForEncodings = 0;
			knownRegions = (
				en,
				Base,
			);
			mainGroup = 7300BA082C4A675000D84CF8;
			productRefGroup = 7300BA122C4A675000D84CF8 /* Products */;
			projectDirPath = "";
			projectRoot = "";
			targets = (
				7300BA102C4A675000D84CF8 /* Button */,
				7300BA262C4A675100D84CF8 /* ButtonTests */,
				7300BA302C4A675100D84CF8 /* ButtonUITests */,
			);
		};
/* End PBXProject section */

/* Begin PBXResourcesBuildPhase section */
		7300BA0F2C4A675000D84CF8 /* Resources */ = {
			isa = PBXResourcesBuildPhase;
			buildActionMask = 2147483647;
			files = (
				7300BA1E2C4A675100D84CF8 /* Assets.xcassets in Resources */,
				7300BA212C4A675100D84CF8 /* Base in Resources */,
				7300BA1C2C4A675000D84CF8 /* Base in Resources */,
			);
			runOnlyForDeploymentPostprocessing = 0;
		};
		7300BA252C4A675100D84CF8 /* Resources */ = {
			isa = PBXResourcesBuildPhase;
			buildActionMask = 2147483647;
			files = (
			);
			runOnlyForDeploymentPostprocessing = 0;
		};
		7300BA2F2C4A675100D84CF8 /* Resources */ = {
			isa = PBXResourcesBuildPhase;
			buildActionMask = 2147483647;
			files = (
			);
			runOnlyForDeploymentPostprocessing = 0;
		};
/* End PBXResourcesBuildPhase section */

/* Begin PBXSourcesBuildPhase section */
		7300BA0D2C4A675000D84CF8 /* Sources */ = {
			isa = PBXSourcesBuildPhase;
			buildActionMask = 2147483647;
			files = (
				7300BA192C4A675000D84CF8 /* ViewController.swift in Sources */,
				7300BA152C4A675000D84CF8 /* AppDelegate.swift in Sources */,
				7300BA172C4A675000D84CF8 /* SceneDelegate.swift in Sources */,
			);
			runOnlyForDeploymentPostprocessing = 0;
		};
		7300BA232C4A675100D84CF8 /* Sources */ = {
			isa = PBXSourcesBuildPhase;
			buildActionMask = 2147483647;
			files = (
				7300BA2C2C4A675100D84CF8 /* ButtonTests.swift in Sources */,
			);
			runOnlyForDeploymentPostprocessing = 0;
		};
		7300BA2D2C4A675100D84CF8 /* Sources */ = {
			isa = PBXSourcesBuildPhase;
			buildActionMask = 2147483647;
			files = (
				7300BA382C4A675100D84CF8 /* ButtonUITestsLaunchTests.swift in Sources */,
				7300BA362C4A675100D84CF8 /* ButtonUITests.swift in Sources */,
			);
			runOnlyForDeploymentPostprocessing = 0;
		};
/* End PBXSourcesBuildPhase section */

/* Begin PBXTargetDependency section */
		7300BA292C4A675100D84CF8 /* PBXTargetDependency */ = {
			isa = PBXTargetDependency;
			target = 7300BA102C4A675000D84CF8 /* Button */;
			targetProxy = 7300BA282C4A675100D84CF8 /* PBXContainerItemProxy */;
		};
		7300BA332C4A675100D84CF8 /* PBXTargetDependency */ = {
			isa = PBXTargetDependency;
			target = 7300BA102C4A675000D84CF8 /* Button */;
			targetProxy = 7300BA322C4A675100D84CF8 /* PBXContainerItemProxy */;
		};
/* End PBXTargetDependency section */

/* Begin PBXVariantGroup section */
		7300BA1A2C4A675000D84CF8 /* Main.storyboard */ = {
			isa = PBXVariantGroup;
			children = (
				7300BA1B2C4A675000D84CF8 /* Base */,
			);
			name = Main.storyboard;
			sourceTree = "<group>";
		};
		7300BA1F2C4A675100D84CF8 /* LaunchScreen.storyboard */ = {
			isa = PBXVariantGroup;
			children = (
				7300BA202C4A675100D84CF8 /* Base */,
			);
			name = LaunchScreen.storyboard;
			sourceTree = "<group>";
		};
/* End PBXVariantGroup section */

/* Begin XCBuildConfiguration section */
		7300BA392C4A675100D84CF8 /* Debug */ = {
			isa = XCBuildConfiguration;
			buildSettings = {
				ALWAYS_SEARCH_USER_PATHS = NO;
				ASSETCATALOG_COMPILER_GENERATE_SWIFT_ASSET_SYMBOL_EXTENSIONS = YES;
				CLANG_ANALYZER_NONNULL = YES;
				CLANG_ANALYZER_NUMBER_OBJECT_CONVERSION = YES_AGGRESSIVE;
				CLANG_CXX_LANGUAGE_STANDARD = "gnu++20";
				CLANG_ENABLE_MODULES = YES;
				CLANG_ENABLE_OBJC_ARC = YES;
				CLANG_ENABLE_OBJC_WEAK = YES;
				CLANG_WARN_BLOCK_CAPTURE_AUTORELEASING = YES;
				CLANG_WARN_BOOL_CONVERSION = YES;
				CLANG_WARN_COMMA = YES;
				CLANG_WARN_CONSTANT_CONVERSION = YES;
				CLANG_WARN_DEPRECATED_OBJC_IMPLEMENTATIONS = YES;
				CLANG_WARN_DIRECT_OBJC_ISA_USAGE = YES_ERROR;
				CLANG_WARN_DOCUMENTATION_COMMENTS = YES;
				CLANG_WARN_EMPTY_BODY = YES;
				CLANG_WARN_ENUM_CONVERSION = YES;
				CLANG_WARN_INFINITE_RECURSION = YES;
				CLANG_WARN_INT_CONVERSION = YES;
				CLANG_WARN_NON_LITERAL_NULL_CONVERSION = YES;
				CLANG_WARN_OBJC_IMPLICIT_RETAIN_SELF = YES;
				CLANG_WARN_OBJC_LITERAL_CONVERSION = YES;
				CLANG_WARN_OBJC_ROOT_CLASS = YES_ERROR;
				CLANG_WARN_QUOTED_INCLUDE_IN_FRAMEWORK_HEADER = YES;
				CLANG_WARN_RANGE_LOOP_ANALYSIS = YES;
				CLANG_WARN_STRICT_PROTOTYPES = YES;
				CLANG_WARN_SUSPICIOUS_MOVE = YES;
				CLANG_WARN_UNGUARDED_AVAILABILITY = YES_AGGRESSIVE;
				CLANG_WARN_UNREACHABLE_CODE = YES;
				CLANG_WARN__DUPLICATE_METHOD_MATCH = YES;
				COPY_PHASE_STRIP = NO;
				DEBUG_INFORMATION_FORMAT = dwarf;
				ENABLE_STRICT_OBJC_MSGSEND = YES;
				ENABLE_TESTABILITY = YES;
				ENABLE_USER_SCRIPT_SANDBOXING = YES;
				GCC_C_LANGUAGE_STANDARD = gnu17;
				GCC_DYNAMIC_NO_PIC = NO;
				GCC_NO_COMMON_BLOCKS = YES;
				GCC_OPTIMIZATION_LEVEL = 0;
				GCC_PREPROCESSOR_DEFINITIONS = (
					"DEBUG=1",
					"$(inherited)",
				);
				GCC_WARN_64_TO_32_BIT_CONVERSION = YES;
				GCC_WARN_ABOUT_RETURN_TYPE = YES_ERROR;
				GCC_WARN_UNDECLARED_SELECTOR = YES;
				GCC_WARN_UNINITIALIZED_AUTOS = YES_AGGRESSIVE;
				GCC_WARN_UNUSED_FUNCTION = YES;
				GCC_WARN_UNUSED_VARIABLE = YES;
				IPHONEOS_DEPLOYMENT_TARGET = 17.5;
				LOCALIZATION_PREFERS_STRING_CATALOGS = YES;
				MTL_ENABLE_DEBUG_INFO = INCLUDE_SOURCE;
				MTL_FAST_MATH = YES;
				ONLY_ACTIVE_ARCH = YES;
				SDKROOT = iphoneos;
				SWIFT_ACTIVE_COMPILATION_CONDITIONS = "DEBUG $(inherited)";
				SWIFT_OPTIMIZATION_LEVEL = "-Onone";
			};
			name = Debug;
		};
		7300BA3A2C4A675100D84CF8 /* Release */ = {
			isa = XCBuildConfiguration;
			buildSettings = {
				ALWAYS_SEARCH_USER_PATHS = NO;
				ASSETCATALOG_COMPILER_GENERATE_SWIFT_ASSET_SYMBOL_EXTENSIONS = YES;
				CLANG_ANALYZER_NONNULL = YES;
				CLANG_ANALYZER_NUMBER_OBJECT_CONVERSION = YES_AGGRESSIVE;
				CLANG_CXX_LANGUAGE_STANDARD = "gnu++20";
				CLANG_ENABLE_MODULES = YES;
				CLANG_ENABLE_OBJC_ARC = YES;
				CLANG_ENABLE_OBJC_WEAK = YES;
				CLANG_WARN_BLOCK_CAPTURE_AUTORELEASING = YES;
				CLANG_WARN_BOOL_CONVERSION = YES;
				CLANG_WARN_COMMA = YES;
				CLANG_WARN_CONSTANT_CONVERSION = YES;
				CLANG_WARN_DEPRECATED_OBJC_IMPLEMENTATIONS = YES;
				CLANG_WARN_DIRECT_OBJC_ISA_USAGE = YES_ERROR;
				CLANG_WARN_DOCUMENTATION_COMMENTS = YES;
				CLANG_WARN_EMPTY_BODY = YES;
				CLANG_WARN_ENUM_CONVERSION = YES;
				CLANG_WARN_INFINITE_RECURSION = YES;
				CLANG_WARN_INT_CONVERSION = YES;
				CLANG_WARN_NON_LITERAL_NULL_CONVERSION = YES;
				CLANG_WARN_OBJC_IMPLICIT_RETAIN_SELF = YES;
				CLANG_WARN_OBJC_LITERAL_CONVERSION = YES;
				CLANG_WARN_OBJC_ROOT_CLASS = YES_ERROR;
				CLANG_WARN_QUOTED_INCLUDE_IN_FRAMEWORK_HEADER = YES;
				CLANG_WARN_RANGE_LOOP_ANALYSIS = YES;
				CLANG_WARN_STRICT_PROTOTYPES = YES;
				CLANG_WARN_SUSPICIOUS_MOVE = YES;
				CLANG_WARN_UNGUARDED_AVAILABILITY = YES_AGGRESSIVE;
				CLANG_WARN_UNREACHABLE_CODE = YES;
				CLANG_WARN__DUPLICATE_METHOD_MATCH = YES;
				COPY_PHASE_STRIP = NO;
				DEBUG_INFORMATION_FORMAT = "dwarf-with-dsym";
				ENABLE_NS_ASSERTIONS = NO;
				ENABLE_STRICT_OBJC_MSGSEND = YES;
				ENABLE_USER_SCRIPT_SANDBOXING = YES;
				GCC_C_LANGUAGE_STANDARD = gnu17;
				GCC_NO_COMMON_BLOCKS = YES;
				GCC_WARN_64_TO_32_BIT_CONVERSION = YES;
				GCC_WARN_ABOUT_RETURN_TYPE = YES_ERROR;
				GCC_WARN_UNDECLARED_SELECTOR = YES;
				GCC_WARN_UNINITIALIZED_AUTOS = YES_AGGRESSIVE;
				GCC_WARN_UNUSED_FUNCTION = YES;
				GCC_WARN_UNUSED_VARIABLE = YES;
				IPHONEOS_DEPLOYMENT_TARGET = 17.5;
				LOCALIZATION_PREFERS_STRING_CATALOGS = YES;
				MTL_ENABLE_DEBUG_INFO = NO;
				MTL_FAST_MATH = YES;
				SDKROOT = iphoneos;
				SWIFT_COMPILATION_MODE = wholemodule;
				VALIDATE_PRODUCT = YES;
			};
			name = Release;
		};
		7300BA3C2C4A675100D84CF8 /* Debug */ = {
			isa = XCBuildConfiguration;
			buildSettings = {
				ASSETCATALOG_COMPILER_APPICON_NAME = AppIcon;
				ASSETCATALOG_COMPILER_GLOBAL_ACCENT_COLOR_NAME = AccentColor;
				CODE_SIGN_STYLE = Automatic;
				CURRENT_PROJECT_VERSION = 1;
				GENERATE_INFOPLIST_FILE = YES;
				INFOPLIST_FILE = Button/Info.plist;
				INFOPLIST_KEY_UIApplicationSupportsIndirectInputEvents = YES;
				INFOPLIST_KEY_UILaunchStoryboardName = LaunchScreen;
				INFOPLIST_KEY_UIMainStoryboardFile = Main;
				INFOPLIST_KEY_UISupportedInterfaceOrientations_iPad = "UIInterfaceOrientationPortrait UIInterfaceOrientationPortraitUpsideDown UIInterfaceOrientationLandscapeLeft UIInterfaceOrientationLandscapeRight";
				INFOPLIST_KEY_UISupportedInterfaceOrientations_iPhone = "UIInterfaceOrientationPortrait UIInterfaceOrientationLandscapeLeft UIInterfaceOrientationLandscapeRight";
				LD_RUNPATH_SEARCH_PATHS = (
					"$(inherited)",
					"@executable_path/Frameworks",
				);
				MARKETING_VERSION = 1.0;
				PRODUCT_BUNDLE_IDENTIFIER = ramesh.Button;
				PRODUCT_NAME = "$(TARGET_NAME)";
				SWIFT_EMIT_LOC_STRINGS = YES;
				SWIFT_VERSION = 5.0;
				TARGETED_DEVICE_FAMILY = "1,2";
			};
			name = Debug;
		};
		7300BA3D2C4A675100D84CF8 /* Release */ = {
			isa = XCBuildConfiguration;
			buildSettings = {
				ASSETCATALOG_COMPILER_APPICON_NAME = AppIcon;
				ASSETCATALOG_COMPILER_GLOBAL_ACCENT_COLOR_NAME = AccentColor;
				CODE_SIGN_STYLE = Automatic;
				CURRENT_PROJECT_VERSION = 1;
				GENERATE_INFOPLIST_FILE = YES;
				INFOPLIST_FILE = Button/Info.plist;
				INFOPLIST_KEY_UIApplicationSupportsIndirectInputEvents = YES;
				INFOPLIST_KEY_UILaunchStoryboardName = LaunchScreen;
				INFOPLIST_KEY_UIMainStoryboardFile = Main;
				INFOPLIST_KEY_UISupportedInterfaceOrientations_iPad = "UIInterfaceOrientationPortrait UIInterfaceOrientationPortraitUpsideDown UIInterfaceOrientationLandscapeLeft UIInterfaceOrientationLandscapeRight";
				INFOPLIST_KEY_UISupportedInterfaceOrientations_iPhone = "UIInterfaceOrientationPortrait UIInterfaceOrientationLandscapeLeft UIInterfaceOrientationLandscapeRight";
				LD_RUNPATH_SEARCH_PATHS = (
					"$(inherited)",
					"@executable_path/Frameworks",
				);
				MARKETING_VERSION = 1.0;
				PRODUCT_BUNDLE_IDENTIFIER = ramesh.Button;
				PRODUCT_NAME = "$(TARGET_NAME)";
				SWIFT_EMIT_LOC_STRINGS = YES;
				SWIFT_VERSION = 5.0;
				TARGETED_DEVICE_FAMILY = "1,2";
			};
			name = Release;
		};
		7300BA3F2C4A675100D84CF8 /* Debug */ = {
			isa = XCBuildConfiguration;
			buildSettings = {
				ALWAYS_EMBED_SWIFT_STANDARD_LIBRARIES = YES;
				BUNDLE_LOADER = "$(TEST_HOST)";
				CODE_SIGN_STYLE = Automatic;
				CURRENT_PROJECT_VERSION = 1;
				GENERATE_INFOPLIST_FILE = YES;
				IPHONEOS_DEPLOYMENT_TARGET = 17.5;
				MARKETING_VERSION = 1.0;
				PRODUCT_BUNDLE_IDENTIFIER = ramesh.ButtonTests;
				PRODUCT_NAME = "$(TARGET_NAME)";
				SWIFT_EMIT_LOC_STRINGS = NO;
				SWIFT_VERSION = 5.0;
				TARGETED_DEVICE_FAMILY = "1,2";
				TEST_HOST = "$(BUILT_PRODUCTS_DIR)/Button.app/$(BUNDLE_EXECUTABLE_FOLDER_PATH)/Button";
			};
			name = Debug;
		};
		7300BA402C4A675100D84CF8 /* Release */ = {
			isa = XCBuildConfiguration;
			buildSettings = {
				ALWAYS_EMBED_SWIFT_STANDARD_LIBRARIES = YES;
				BUNDLE_LOADER = "$(TEST_HOST)";
				CODE_SIGN_STYLE = Automatic;
				CURRENT_PROJECT_VERSION = 1;
				GENERATE_INFOPLIST_FILE = YES;
				IPHONEOS_DEPLOYMENT_TARGET = 17.5;
				MARKETING_VERSION = 1.0;
				PRODUCT_BUNDLE_IDENTIFIER = ramesh.ButtonTests;
				PRODUCT_NAME = "$(TARGET_NAME)";
				SWIFT_EMIT_LOC_STRINGS = NO;
				SWIFT_VERSION = 5.0;
				TARGETED_DEVICE_FAMILY = "1,2";
				TEST_HOST = "$(BUILT_PRODUCTS_DIR)/Button.app/$(BUNDLE_EXECUTABLE_FOLDER_PATH)/Button";
			};
			name = Release;
		};
		7300BA422C4A675100D84CF8 /* Debug */ = {
			isa = XCBuildConfiguration;
			buildSettings = {
				ALWAYS_EMBED_SWIFT_STANDARD_LIBRARIES = YES;
				CODE_SIGN_STYLE = Automatic;
				CURRENT_PROJECT_VERSION = 1;
				GENERATE_INFOPLIST_FILE = YES;
				MARKETING_VERSION = 1.0;
				PRODUCT_BUNDLE_IDENTIFIER = ramesh.ButtonUITests;
				PRODUCT_NAME = "$(TARGET_NAME)";
				SWIFT_EMIT_LOC_STRINGS = NO;
				SWIFT_VERSION = 5.0;
				TARGETED_DEVICE_FAMILY = "1,2";
				TEST_TARGET_NAME = Button;
			};
			name = Debug;
		};
		7300BA432C4A675100D84CF8 /* Release */ = {
			isa = XCBuildConfiguration;
			buildSettings = {
				ALWAYS_EMBED_SWIFT_STANDARD_LIBRARIES = YES;
				CODE_SIGN_STYLE = Automatic;
				CURRENT_PROJECT_VERSION = 1;
				GENERATE_INFOPLIST_FILE = YES;
				MARKETING_VERSION = 1.0;
				PRODUCT_BUNDLE_IDENTIFIER = ramesh.ButtonUITests;
				PRODUCT_NAME = "$(TARGET_NAME)";
				SWIFT_EMIT_LOC_STRINGS = NO;
				SWIFT_VERSION = 5.0;
				TARGETED_DEVICE_FAMILY = "1,2";
				TEST_TARGET_NAME = Button;
			};
			name = Release;
		};
/* End XCBuildConfiguration section */

/* Begin XCConfigurationList section */
		7300BA0C2C4A675000D84CF8 /* Build configuration list for PBXProject "Button" */ = {
			isa = XCConfigurationList;
			buildConfigurations = (
				7300BA392C4A675100D84CF8 /* Debug */,
				7300BA3A2C4A675100D84CF8 /* Release */,
			);
			defaultConfigurationIsVisible = 0;
			defaultConfigurationName = Release;
		};
		7300BA3B2C4A675100D84CF8 /* Build configuration list for PBXNativeTarget "Button" */ = {
			isa = XCConfigurationList;
			buildConfigurations = (
				7300BA3C2C4A675100D84CF8 /* Debug */,
				7300BA3D2C4A675100D84CF8 /* Release */,
			);
			defaultConfigurationIsVisible = 0;
			defaultConfigurationName = Release;
		};
		7300BA3E2C4A675100D84CF8 /* Build configuration list for PBXNativeTarget "ButtonTests" */ = {
			isa = XCConfigurationList;
			buildConfigurations = (
				7300BA3F2C4A675100D84CF8 /* Debug */,
				7300BA402C4A675100D84CF8 /* Release */,
			);
			defaultConfigurationIsVisible = 0;
			defaultConfigurationName = Release;
		};
		7300BA412C4A675100D84CF8 /* Build configuration list for PBXNativeTarget "ButtonUITests" */ = {
			isa = XCConfigurationList;
			buildConfigurations = (
				7300BA422C4A675100D84CF8 /* Debug */,
				7300BA432C4A675100D84CF8 /* Release */,
			);
			defaultConfigurationIsVisible = 0;
			defaultConfigurationName = Release;
		};
/* End XCConfigurationList section */
	};
	rootObject = 7300BA092C4A675000D84CF8 /* Project object */;
}
